
Microsoft Visual Studio Solution File, Format Version 11.00
# Visual Studio 2010
Project("{8BC9CEB8-8B4A-11D0-8D11-00A0C91BC942}") = "Bullet3Common", "Bullet3Common.vcxproj", "{DD0F622B-B962-D04B-B3A5-AF659195F0C6}"
EndProject
Project("{8BC9CEB8-8B4A-11D0-8D11-00A0C91BC942}") = "Bullet3Geometry", "Bullet3Geometry.vcxproj", "{3869B695-2517-A346-81B0-A4822F28D407}"
EndProject
Project("{8BC9CEB8-8B4A-11D0-8D11-00A0C91BC942}") = "Bullet3Collision", "Bullet3Collision.vcxproj", "{FB42EDF3-8E3F-064C-9EBC-A95541F48F45}"
EndProject
Project("{8BC9CEB8-8B4A-11D0-8D11-00A0C91BC942}") = "Bullet3Dynamics", "Bullet3Dynamics.vcxproj", "{4410CEAA-6A65-F345-A70F-717A0AF12F0B}"
EndProject
Project("{8BC9CEB8-8B4A-11D0-8D11-00A0C91BC942}") = "Bullet3OpenCL_clew", "Bullet3OpenCL_clew.vcxproj", "{5B7A0841-1346-6541-9A27-BD3FE7A09480}"
EndProject
Project("{8BC9CEB8-8B4A-11D0-8D11-00A0C91BC942}") = "Bullet2FileLoader", "Bullet2FileLoader.vcxproj", "{1D68F665-0973-334E-BEBD-3D0166BB3DEF}"
EndProject
Project("{8BC9CEB8-8B4A-11D0-8D11-00A0C91BC942}") = "HACD", "HACD.vcxproj", "{8F0B2396-6B38-9540-8E1E-17CECE4FA7B7}"
EndProject
Project("{8BC9CEB8-8B4A-11D0-8D11-00A0C91BC942}") = "ConvexDecomposition", "ConvexDecomposition.vcxproj", "{084DFF0A-7599-BF42-9FCF-BE8562FE7493}"
EndProject
Project("{8BC9CEB8-8B4A-11D0-8D11-00A0C91BC942}") = "BulletInverseDynamicsUtils", "BulletInverseDynamicsUtils.vcxproj", "{6880846C-D259-034D-A572-462D3A764559}"
EndProject
Project("{8BC9CEB8-8B4A-11D0-8D11-00A0C91BC942}") = "BulletFileLoader", "BulletFileLoader.vcxproj", "{86E6DA15-00A1-2642-A926-675DADE73317}"
EndProject
Project("{8BC9CEB8-8B4A-11D0-8D11-00A0C91BC942}") = "BulletWorldImporter", "BulletWorldImporter.vcxproj", "{B1CC9494-EF57-4049-A2D7-E542D780E682}"
EndProject
Project("{8BC9CEB8-8B4A-11D0-8D11-00A0C91BC942}") = "BulletXmlWorldImporter", "BulletXmlWorldImporter.vcxproj", "{CAE14786-678E-E741-AD77-73046541688C}"
EndProject
Project("{8BC9CEB8-8B4A-11D0-8D11-00A0C91BC942}") = "App_ExampleBrowser", "App_ExampleBrowser.vcxproj", "{0AA6578D-2132-CE45-8226-C8200D96DABA}"
	ProjectSection(ProjectDependencies) = postProject
		{BE1B7EF1-51AD-6242-8098-90F0AA3A7787} = {BE1B7EF1-51AD-6242-8098-90F0AA3A7787}
		{5A6408D1-08AD-134A-8C0F-1EA0C3B296BD} = {5A6408D1-08AD-134A-8C0F-1EA0C3B296BD}
		{3F5DF9AC-B9B2-8943-B29A-FF6784D05DDC} = {3F5DF9AC-B9B2-8943-B29A-FF6784D05DDC}
		{6880846C-D259-034D-A572-462D3A764559} = {6880846C-D259-034D-A572-462D3A764559}
		{0B61892E-B138-E44A-920E-5DD949620A40} = {0B61892E-B138-E44A-920E-5DD949620A40}
		{853DFCD1-CE02-BF43-BEA9-C20122993170} = {853DFCD1-CE02-BF43-BEA9-C20122993170}
		{8D312FB5-87EF-364C-A7A8-A4DD4E4C2007} = {8D312FB5-87EF-364C-A7A8-A4DD4E4C2007}
		{BB7E7ECA-D950-9245-841F-34E92109AD21} = {BB7E7ECA-D950-9245-841F-34E92109AD21}
		{DD0F622B-B962-D04B-B3A5-AF659195F0C6} = {DD0F622B-B962-D04B-B3A5-AF659195F0C6}
		{5B7A0841-1346-6541-9A27-BD3FE7A09480} = {5B7A0841-1346-6541-9A27-BD3FE7A09480}
		{4410CEAA-6A65-F345-A70F-717A0AF12F0B} = {4410CEAA-6A65-F345-A70F-717A0AF12F0B}
		{FB42EDF3-8E3F-064C-9EBC-A95541F48F45} = {FB42EDF3-8E3F-064C-9EBC-A95541F48F45}
		{3869B695-2517-A346-81B0-A4822F28D407} = {3869B695-2517-A346-81B0-A4822F28D407}
	EndProjectSection
EndProject
Project("{8BC9CEB8-8B4A-11D0-8D11-00A0C91BC942}") = "OpenGL_Window", "OpenGL_Window.vcxproj", "{5A6408D1-08AD-134A-8C0F-1EA0C3B296BD}"
EndProject
Project("{8BC9CEB8-8B4A-11D0-8D11-00A0C91BC942}") = "gwen", "gwen.vcxproj", "{BE1B7EF1-51AD-6242-8098-90F0AA3A7787}"
EndProject
Project("{8BC9CEB8-8B4A-11D0-8D11-00A0C91BC942}") = "App_HelloWorld", "App_HelloWorld.vcxproj", "{0174CD6E-59FF-AA42-B007-A5E90D8E9131}"
	ProjectSection(ProjectDependencies) = postProject
		{853DFCD1-CE02-BF43-BEA9-C20122993170} = {853DFCD1-CE02-BF43-BEA9-C20122993170}
		{8D312FB5-87EF-364C-A7A8-A4DD4E4C2007} = {8D312FB5-87EF-364C-A7A8-A4DD4E4C2007}
		{BB7E7ECA-D950-9245-841F-34E92109AD21} = {BB7E7ECA-D950-9245-841F-34E92109AD21}
	EndProjectSection
EndProject
Project("{8BC9CEB8-8B4A-11D0-8D11-00A0C91BC942}") = "App_BasicExample", "App_BasicExample.vcxproj", "{EB73B7E0-8A5E-BD47-A7BC-D151D1F99DDD}"
	ProjectSection(ProjectDependencies) = postProject
		{853DFCD1-CE02-BF43-BEA9-C20122993170} = {853DFCD1-CE02-BF43-BEA9-C20122993170}
		{8D312FB5-87EF-364C-A7A8-A4DD4E4C2007} = {8D312FB5-87EF-364C-A7A8-A4DD4E4C2007}
		{BB7E7ECA-D950-9245-841F-34E92109AD21} = {BB7E7ECA-D950-9245-841F-34E92109AD21}
	EndProjectSection
EndProject
Project("{8BC9CEB8-8B4A-11D0-8D11-00A0C91BC942}") = "App_SharedMemoryPhysics", "App_SharedMemoryPhysics.vcxproj", "{68354FC2-C3DA-364F-B6ED-21654CA52B4A}"
	ProjectSection(ProjectDependencies) = postProject
		{DD0F622B-B962-D04B-B3A5-AF659195F0C6} = {DD0F622B-B962-D04B-B3A5-AF659195F0C6}
		{853DFCD1-CE02-BF43-BEA9-C20122993170} = {853DFCD1-CE02-BF43-BEA9-C20122993170}
		{8D312FB5-87EF-364C-A7A8-A4DD4E4C2007} = {8D312FB5-87EF-364C-A7A8-A4DD4E4C2007}
		{BB7E7ECA-D950-9245-841F-34E92109AD21} = {BB7E7ECA-D950-9245-841F-34E92109AD21}
	EndProjectSection
EndProject
Project("{8BC9CEB8-8B4A-11D0-8D11-00A0C91BC942}") = "App_ThreadingTest", "App_ThreadingTest.vcxproj", "{2DDAB456-B450-9E4D-B88F-18F90A24470C}"
	ProjectSection(ProjectDependencies) = postProject
		{DD0F622B-B962-D04B-B3A5-AF659195F0C6} = {DD0F622B-B962-D04B-B3A5-AF659195F0C6}
	EndProjectSection
EndProject
Project("{8BC9CEB8-8B4A-11D0-8D11-00A0C91BC942}") = "Test_SharedMemoryPhysicsClient", "Test_SharedMemoryPhysicsClient.vcxproj", "{88FBD0A1-249E-4D45-8C97-8560D57DD4A2}"
	ProjectSection(ProjectDependencies) = postProject
		{86E6DA15-00A1-2642-A926-675DADE73317} = {86E6DA15-00A1-2642-A926-675DADE73317}
		{DD0F622B-B962-D04B-B3A5-AF659195F0C6} = {DD0F622B-B962-D04B-B3A5-AF659195F0C6}
		{BB7E7ECA-D950-9245-841F-34E92109AD21} = {BB7E7ECA-D950-9245-841F-34E92109AD21}
	EndProjectSection
EndProject
Project("{8BC9CEB8-8B4A-11D0-8D11-00A0C91BC942}") = "Test_PhysicsServerLoopBack", "Test_PhysicsServerLoopBack.vcxproj", "{B2D3CA8B-66EB-B04E-8800-6AAA43BC3495}"
	ProjectSection(ProjectDependencies) = postProject
		{86E6DA15-00A1-2642-A926-675DADE73317} = {86E6DA15-00A1-2642-A926-675DADE73317}
		{B1CC9494-EF57-4049-A2D7-E542D780E682} = {B1CC9494-EF57-4049-A2D7-E542D780E682}
		{DD0F622B-B962-D04B-B3A5-AF659195F0C6} = {DD0F622B-B962-D04B-B3A5-AF659195F0C6}
		{853DFCD1-CE02-BF43-BEA9-C20122993170} = {853DFCD1-CE02-BF43-BEA9-C20122993170}
		{8D312FB5-87EF-364C-A7A8-A4DD4E4C2007} = {8D312FB5-87EF-364C-A7A8-A4DD4E4C2007}
		{BB7E7ECA-D950-9245-841F-34E92109AD21} = {BB7E7ECA-D950-9245-841F-34E92109AD21}
	EndProjectSection
EndProject
Project("{8BC9CEB8-8B4A-11D0-8D11-00A0C91BC942}") = "Test_PhysicsServerDirect", "Test_PhysicsServerDirect.vcxproj", "{6F1DC480-1465-D648-B775-5617139724E8}"
	ProjectSection(ProjectDependencies) = postProject
		{86E6DA15-00A1-2642-A926-675DADE73317} = {86E6DA15-00A1-2642-A926-675DADE73317}
		{B1CC9494-EF57-4049-A2D7-E542D780E682} = {B1CC9494-EF57-4049-A2D7-E542D780E682}
		{DD0F622B-B962-D04B-B3A5-AF659195F0C6} = {DD0F622B-B962-D04B-B3A5-AF659195F0C6}
		{853DFCD1-CE02-BF43-BEA9-C20122993170} = {853DFCD1-CE02-BF43-BEA9-C20122993170}
		{8D312FB5-87EF-364C-A7A8-A4DD4E4C2007} = {8D312FB5-87EF-364C-A7A8-A4DD4E4C2007}
		{BB7E7ECA-D950-9245-841F-34E92109AD21} = {BB7E7ECA-D950-9245-841F-34E92109AD21}
	EndProjectSection
EndProject
Project("{8BC9CEB8-8B4A-11D0-8D11-00A0C91BC942}") = "Test_LinearMath", "Test_LinearMath.vcxproj", "{F146612A-47E3-524B-8F41-9C5BFBF62966}"
	ProjectSection(ProjectDependencies) = postProject
		{853DFCD1-CE02-BF43-BEA9-C20122993170} = {853DFCD1-CE02-BF43-BEA9-C20122993170}
		{8D312FB5-87EF-364C-A7A8-A4DD4E4C2007} = {8D312FB5-87EF-364C-A7A8-A4DD4E4C2007}
		{BB7E7ECA-D950-9245-841F-34E92109AD21} = {BB7E7ECA-D950-9245-841F-34E92109AD21}
	EndProjectSection
EndProject
Project("{8BC9CEB8-8B4A-11D0-8D11-00A0C91BC942}") = "gtest", "gtest.vcxproj", "{F490C594-9687-EF43-945C-A639A5B15DA3}"
EndProject
Project("{8BC9CEB8-8B4A-11D0-8D11-00A0C91BC942}") = "Test_BulletCollision", "Test_BulletCollision.vcxproj", "{00A4E0FC-3EBB-0548-88CB-AA47558DCB3C}"
	ProjectSection(ProjectDependencies) = postProject
		{BB7E7ECA-D950-9245-841F-34E92109AD21} = {BB7E7ECA-D950-9245-841F-34E92109AD21}
		{F490C594-9687-EF43-945C-A639A5B15DA3} = {F490C594-9687-EF43-945C-A639A5B15DA3}
	EndProjectSection
EndProject
Project("{8BC9CEB8-8B4A-11D0-8D11-00A0C91BC942}") = "Test_BulletDynamics", "Test_BulletDynamics.vcxproj", "{70AEF0DF-CC0A-5348-A222-F133444BB301}"
	ProjectSection(ProjectDependencies) = postProject
		{853DFCD1-CE02-BF43-BEA9-C20122993170} = {853DFCD1-CE02-BF43-BEA9-C20122993170}
		{8D312FB5-87EF-364C-A7A8-A4DD4E4C2007} = {8D312FB5-87EF-364C-A7A8-A4DD4E4C2007}
		{BB7E7ECA-D950-9245-841F-34E92109AD21} = {BB7E7ECA-D950-9245-841F-34E92109AD21}
		{F490C594-9687-EF43-945C-A639A5B15DA3} = {F490C594-9687-EF43-945C-A639A5B15DA3}
	EndProjectSection
EndProject
Project("{8BC9CEB8-8B4A-11D0-8D11-00A0C91BC942}") = "Test_InverseDynamicsKinematics", "Test_InverseDynamicsKinematics.vcxproj", "{13577357-67FE-8846-8B98-B03496094C84}"
	ProjectSection(ProjectDependencies) = postProject
		{6880846C-D259-034D-A572-462D3A764559} = {6880846C-D259-034D-A572-462D3A764559}
		{0B61892E-B138-E44A-920E-5DD949620A40} = {0B61892E-B138-E44A-920E-5DD949620A40}
		{DD0F622B-B962-D04B-B3A5-AF659195F0C6} = {DD0F622B-B962-D04B-B3A5-AF659195F0C6}
		{BB7E7ECA-D950-9245-841F-34E92109AD21} = {BB7E7ECA-D950-9245-841F-34E92109AD21}
		{F490C594-9687-EF43-945C-A639A5B15DA3} = {F490C594-9687-EF43-945C-A639A5B15DA3}
	EndProjectSection
EndProject
Project("{8BC9CEB8-8B4A-11D0-8D11-00A0C91BC942}") = "Test_InverseForwardDynamics", "Test_InverseForwardDynamics.vcxproj", "{29B4015C-8D48-F046-9A9E-076C693F4F12}"
	ProjectSection(ProjectDependencies) = postProject
		{853DFCD1-CE02-BF43-BEA9-C20122993170} = {853DFCD1-CE02-BF43-BEA9-C20122993170}
		{8D312FB5-87EF-364C-A7A8-A4DD4E4C2007} = {8D312FB5-87EF-364C-A7A8-A4DD4E4C2007}
		{6880846C-D259-034D-A572-462D3A764559} = {6880846C-D259-034D-A572-462D3A764559}
		{0B61892E-B138-E44A-920E-5DD949620A40} = {0B61892E-B138-E44A-920E-5DD949620A40}
		{DD0F622B-B962-D04B-B3A5-AF659195F0C6} = {DD0F622B-B962-D04B-B3A5-AF659195F0C6}
		{BB7E7ECA-D950-9245-841F-34E92109AD21} = {BB7E7ECA-D950-9245-841F-34E92109AD21}
		{F490C594-9687-EF43-945C-A639A5B15DA3} = {F490C594-9687-EF43-945C-A639A5B15DA3}
	EndProjectSection
EndProject
Project("{8BC9CEB8-8B4A-11D0-8D11-00A0C91BC942}") = "Test_OpenCL_Bullet3", "Test_OpenCL_Bullet3.vcxproj", "{564E3DAF-2B73-7B4C-BA9D-64CE52962BD1}"
	ProjectSection(ProjectDependencies) = postProject
		{F490C594-9687-EF43-945C-A639A5B15DA3} = {F490C594-9687-EF43-945C-A639A5B15DA3}
		{5B7A0841-1346-6541-9A27-BD3FE7A09480} = {5B7A0841-1346-6541-9A27-BD3FE7A09480}
		{DD0F622B-B962-D04B-B3A5-AF659195F0C6} = {DD0F622B-B962-D04B-B3A5-AF659195F0C6}
	EndProjectSection
EndProject
Project("{8BC9CEB8-8B4A-11D0-8D11-00A0C91BC942}") = "Test_Gwen_OpenGL", "Test_Gwen_OpenGL.vcxproj", "{761A03CC-CCB8-6346-AE62-5C65F108397F}"
	ProjectSection(ProjectDependencies) = postProject
		{BE1B7EF1-51AD-6242-8098-90F0AA3A7787} = {BE1B7EF1-51AD-6242-8098-90F0AA3A7787}
	EndProjectSection
EndProject
Project("{8BC9CEB8-8B4A-11D0-8D11-00A0C91BC942}") = "BulletInverseDynamics", "BulletInverseDynamics.vcxproj", "{0B61892E-B138-E44A-920E-5DD949620A40}"
EndProject
Project("{8BC9CEB8-8B4A-11D0-8D11-00A0C91BC942}") = "BulletSoftBody", "BulletSoftBody.vcxproj", "{3F5DF9AC-B9B2-8943-B29A-FF6784D05DDC}"
EndProject
Project("{8BC9CEB8-8B4A-11D0-8D11-00A0C91BC942}") = "BulletDynamics", "BulletDynamics.vcxproj", "{853DFCD1-CE02-BF43-BEA9-C20122993170}"
EndProject
Project("{8BC9CEB8-8B4A-11D0-8D11-00A0C91BC942}") = "BulletCollision", "BulletCollision.vcxproj", "{8D312FB5-87EF-364C-A7A8-A4DD4E4C2007}"
EndProject
Project("{8BC9CEB8-8B4A-11D0-8D11-00A0C91BC942}") = "LinearMath", "LinearMath.vcxproj", "{BB7E7ECA-D950-9245-841F-34E92109AD21}"
EndProject
Global
	GlobalSection(SolutionConfigurationPlatforms) = preSolution
		Release|Win32 = Release|Win32
		Release|x64 = Release|x64
		Debug|Win32 = Debug|Win32
		Debug|x64 = Debug|x64
	EndGlobalSection
	GlobalSection(ProjectConfigurationPlatforms) = postSolution
		{DD0F622B-B962-D04B-B3A5-AF659195F0C6}.Release|Win32.ActiveCfg = Release|Win32
		{DD0F622B-B962-D04B-B3A5-AF659195F0C6}.Release|Win32.Build.0 = Release|Win32
		{DD0F622B-B962-D04B-B3A5-AF659195F0C6}.Release|x64.ActiveCfg = Release|x64
		{DD0F622B-B962-D04B-B3A5-AF659195F0C6}.Release|x64.Build.0 = Release|x64
		{DD0F622B-B962-D04B-B3A5-AF659195F0C6}.Debug|Win32.ActiveCfg = Debug|Win32
		{DD0F622B-B962-D04B-B3A5-AF659195F0C6}.Debug|Win32.Build.0 = Debug|Win32
		{DD0F622B-B962-D04B-B3A5-AF659195F0C6}.Debug|x64.ActiveCfg = Debug|x64
		{DD0F622B-B962-D04B-B3A5-AF659195F0C6}.Debug|x64.Build.0 = Debug|x64
		{3869B695-2517-A346-81B0-A4822F28D407}.Release|Win32.ActiveCfg = Release|Win32
		{3869B695-2517-A346-81B0-A4822F28D407}.Release|Win32.Build.0 = Release|Win32
		{3869B695-2517-A346-81B0-A4822F28D407}.Release|x64.ActiveCfg = Release|x64
		{3869B695-2517-A346-81B0-A4822F28D407}.Release|x64.Build.0 = Release|x64
		{3869B695-2517-A346-81B0-A4822F28D407}.Debug|Win32.ActiveCfg = Debug|Win32
		{3869B695-2517-A346-81B0-A4822F28D407}.Debug|Win32.Build.0 = Debug|Win32
		{3869B695-2517-A346-81B0-A4822F28D407}.Debug|x64.ActiveCfg = Debug|x64
		{3869B695-2517-A346-81B0-A4822F28D407}.Debug|x64.Build.0 = Debug|x64
		{FB42EDF3-8E3F-064C-9EBC-A95541F48F45}.Release|Win32.ActiveCfg = Release|Win32
		{FB42EDF3-8E3F-064C-9EBC-A95541F48F45}.Release|Win32.Build.0 = Release|Win32
		{FB42EDF3-8E3F-064C-9EBC-A95541F48F45}.Release|x64.ActiveCfg = Release|x64
		{FB42EDF3-8E3F-064C-9EBC-A95541F48F45}.Release|x64.Build.0 = Release|x64
		{FB42EDF3-8E3F-064C-9EBC-A95541F48F45}.Debug|Win32.ActiveCfg = Debug|Win32
		{FB42EDF3-8E3F-064C-9EBC-A95541F48F45}.Debug|Win32.Build.0 = Debug|Win32
		{FB42EDF3-8E3F-064C-9EBC-A95541F48F45}.Debug|x64.ActiveCfg = Debug|x64
		{FB42EDF3-8E3F-064C-9EBC-A95541F48F45}.Debug|x64.Build.0 = Debug|x64
		{4410CEAA-6A65-F345-A70F-717A0AF12F0B}.Release|Win32.ActiveCfg = Release|Win32
		{4410CEAA-6A65-F345-A70F-717A0AF12F0B}.Release|Win32.Build.0 = Release|Win32
		{4410CEAA-6A65-F345-A70F-717A0AF12F0B}.Release|x64.ActiveCfg = Release|x64
		{4410CEAA-6A65-F345-A70F-717A0AF12F0B}.Release|x64.Build.0 = Release|x64
		{4410CEAA-6A65-F345-A70F-717A0AF12F0B}.Debug|Win32.ActiveCfg = Debug|Win32
		{4410CEAA-6A65-F345-A70F-717A0AF12F0B}.Debug|Win32.Build.0 = Debug|Win32
		{4410CEAA-6A65-F345-A70F-717A0AF12F0B}.Debug|x64.ActiveCfg = Debug|x64
		{4410CEAA-6A65-F345-A70F-717A0AF12F0B}.Debug|x64.Build.0 = Debug|x64
		{5B7A0841-1346-6541-9A27-BD3FE7A09480}.Release|Win32.ActiveCfg = Release|Win32
		{5B7A0841-1346-6541-9A27-BD3FE7A09480}.Release|Win32.Build.0 = Release|Win32
		{5B7A0841-1346-6541-9A27-BD3FE7A09480}.Release|x64.ActiveCfg = Release|x64
		{5B7A0841-1346-6541-9A27-BD3FE7A09480}.Release|x64.Build.0 = Release|x64
		{5B7A0841-1346-6541-9A27-BD3FE7A09480}.Debug|Win32.ActiveCfg = Debug|Win32
		{5B7A0841-1346-6541-9A27-BD3FE7A09480}.Debug|Win32.Build.0 = Debug|Win32
		{5B7A0841-1346-6541-9A27-BD3FE7A09480}.Debug|x64.ActiveCfg = Debug|x64
		{5B7A0841-1346-6541-9A27-BD3FE7A09480}.Debug|x64.Build.0 = Debug|x64
		{1D68F665-0973-334E-BEBD-3D0166BB3DEF}.Release|Win32.ActiveCfg = Release|Win32
		{1D68F665-0973-334E-BEBD-3D0166BB3DEF}.Release|Win32.Build.0 = Release|Win32
		{1D68F665-0973-334E-BEBD-3D0166BB3DEF}.Release|x64.ActiveCfg = Release|x64
		{1D68F665-0973-334E-BEBD-3D0166BB3DEF}.Release|x64.Build.0 = Release|x64
		{1D68F665-0973-334E-BEBD-3D0166BB3DEF}.Debug|Win32.ActiveCfg = Debug|Win32
		{1D68F665-0973-334E-BEBD-3D0166BB3DEF}.Debug|Win32.Build.0 = Debug|Win32
		{1D68F665-0973-334E-BEBD-3D0166BB3DEF}.Debug|x64.ActiveCfg = Debug|x64
		{1D68F665-0973-334E-BEBD-3D0166BB3DEF}.Debug|x64.Build.0 = Debug|x64
		{8F0B2396-6B38-9540-8E1E-17CECE4FA7B7}.Release|Win32.ActiveCfg = Release|Win32
		{8F0B2396-6B38-9540-8E1E-17CECE4FA7B7}.Release|Win32.Build.0 = Release|Win32
		{8F0B2396-6B38-9540-8E1E-17CECE4FA7B7}.Release|x64.ActiveCfg = Release|x64
		{8F0B2396-6B38-9540-8E1E-17CECE4FA7B7}.Release|x64.Build.0 = Release|x64
		{8F0B2396-6B38-9540-8E1E-17CECE4FA7B7}.Debug|Win32.ActiveCfg = Debug|Win32
		{8F0B2396-6B38-9540-8E1E-17CECE4FA7B7}.Debug|Win32.Build.0 = Debug|Win32
		{8F0B2396-6B38-9540-8E1E-17CECE4FA7B7}.Debug|x64.ActiveCfg = Debug|x64
		{8F0B2396-6B38-9540-8E1E-17CECE4FA7B7}.Debug|x64.Build.0 = Debug|x64
		{084DFF0A-7599-BF42-9FCF-BE8562FE7493}.Release|Win32.ActiveCfg = Release|Win32
		{084DFF0A-7599-BF42-9FCF-BE8562FE7493}.Release|Win32.Build.0 = Release|Win32
		{084DFF0A-7599-BF42-9FCF-BE8562FE7493}.Release|x64.ActiveCfg = Release|x64
		{084DFF0A-7599-BF42-9FCF-BE8562FE7493}.Release|x64.Build.0 = Release|x64
		{084DFF0A-7599-BF42-9FCF-BE8562FE7493}.Debug|Win32.ActiveCfg = Debug|Win32
		{084DFF0A-7599-BF42-9FCF-BE8562FE7493}.Debug|Win32.Build.0 = Debug|Win32
		{084DFF0A-7599-BF42-9FCF-BE8562FE7493}.Debug|x64.ActiveCfg = Debug|x64
		{084DFF0A-7599-BF42-9FCF-BE8562FE7493}.Debug|x64.Build.0 = Debug|x64
		{6880846C-D259-034D-A572-462D3A764559}.Release|Win32.ActiveCfg = Release|Win32
		{6880846C-D259-034D-A572-462D3A764559}.Release|Win32.Build.0 = Release|Win32
		{6880846C-D259-034D-A572-462D3A764559}.Release|x64.ActiveCfg = Release|x64
		{6880846C-D259-034D-A572-462D3A764559}.Release|x64.Build.0 = Release|x64
		{6880846C-D259-034D-A572-462D3A764559}.Debug|Win32.ActiveCfg = Debug|Win32
		{6880846C-D259-034D-A572-462D3A764559}.Debug|Win32.Build.0 = Debug|Win32
		{6880846C-D259-034D-A572-462D3A764559}.Debug|x64.ActiveCfg = Debug|x64
		{6880846C-D259-034D-A572-462D3A764559}.Debug|x64.Build.0 = Debug|x64
		{86E6DA15-00A1-2642-A926-675DADE73317}.Release|Win32.ActiveCfg = Release|Win32
		{86E6DA15-00A1-2642-A926-675DADE73317}.Release|Win32.Build.0 = Release|Win32
		{86E6DA15-00A1-2642-A926-675DADE73317}.Release|x64.ActiveCfg = Release|x64
		{86E6DA15-00A1-2642-A926-675DADE73317}.Release|x64.Build.0 = Release|x64
		{86E6DA15-00A1-2642-A926-675DADE73317}.Debug|Win32.ActiveCfg = Debug|Win32
		{86E6DA15-00A1-2642-A926-675DADE73317}.Debug|Win32.Build.0 = Debug|Win32
		{86E6DA15-00A1-2642-A926-675DADE73317}.Debug|x64.ActiveCfg = Debug|x64
		{86E6DA15-00A1-2642-A926-675DADE73317}.Debug|x64.Build.0 = Debug|x64
		{B1CC9494-EF57-4049-A2D7-E542D780E682}.Release|Win32.ActiveCfg = Release|Win32
		{B1CC9494-EF57-4049-A2D7-E542D780E682}.Release|Win32.Build.0 = Release|Win32
		{B1CC9494-EF57-4049-A2D7-E542D780E682}.Release|x64.ActiveCfg = Release|x64
		{B1CC9494-EF57-4049-A2D7-E542D780E682}.Release|x64.Build.0 = Release|x64
		{B1CC9494-EF57-4049-A2D7-E542D780E682}.Debug|Win32.ActiveCfg = Debug|Win32
		{B1CC9494-EF57-4049-A2D7-E542D780E682}.Debug|Win32.Build.0 = Debug|Win32
		{B1CC9494-EF57-4049-A2D7-E542D780E682}.Debug|x64.ActiveCfg = Debug|x64
		{B1CC9494-EF57-4049-A2D7-E542D780E682}.Debug|x64.Build.0 = Debug|x64
		{CAE14786-678E-E741-AD77-73046541688C}.Release|Win32.ActiveCfg = Release|Win32
		{CAE14786-678E-E741-AD77-73046541688C}.Release|Win32.Build.0 = Release|Win32
		{CAE14786-678E-E741-AD77-73046541688C}.Release|x64.ActiveCfg = Release|x64
		{CAE14786-678E-E741-AD77-73046541688C}.Release|x64.Build.0 = Release|x64
		{CAE14786-678E-E741-AD77-73046541688C}.Debug|Win32.ActiveCfg = Debug|Win32
		{CAE14786-678E-E741-AD77-73046541688C}.Debug|Win32.Build.0 = Debug|Win32
		{CAE14786-678E-E741-AD77-73046541688C}.Debug|x64.ActiveCfg = Debug|x64
		{CAE14786-678E-E741-AD77-73046541688C}.Debug|x64.Build.0 = Debug|x64
		{0AA6578D-2132-CE45-8226-C8200D96DABA}.Release|Win32.ActiveCfg = Release|Win32
		{0AA6578D-2132-CE45-8226-C8200D96DABA}.Release|Win32.Build.0 = Release|Win32
		{0AA6578D-2132-CE45-8226-C8200D96DABA}.Release|x64.ActiveCfg = Release|x64
		{0AA6578D-2132-CE45-8226-C8200D96DABA}.Release|x64.Build.0 = Release|x64
		{0AA6578D-2132-CE45-8226-C8200D96DABA}.Debug|Win32.ActiveCfg = Debug|Win32
		{0AA6578D-2132-CE45-8226-C8200D96DABA}.Debug|Win32.Build.0 = Debug|Win32
		{0AA6578D-2132-CE45-8226-C8200D96DABA}.Debug|x64.ActiveCfg = Debug|x64
		{0AA6578D-2132-CE45-8226-C8200D96DABA}.Debug|x64.Build.0 = Debug|x64
		{5A6408D1-08AD-134A-8C0F-1EA0C3B296BD}.Release|Win32.ActiveCfg = Release|Win32
		{5A6408D1-08AD-134A-8C0F-1EA0C3B296BD}.Release|Win32.Build.0 = Release|Win32
		{5A6408D1-08AD-134A-8C0F-1EA0C3B296BD}.Release|x64.ActiveCfg = Release|x64
		{5A6408D1-08AD-134A-8C0F-1EA0C3B296BD}.Release|x64.Build.0 = Release|x64
		{5A6408D1-08AD-134A-8C0F-1EA0C3B296BD}.Debug|Win32.ActiveCfg = Debug|Win32
		{5A6408D1-08AD-134A-8C0F-1EA0C3B296BD}.Debug|Win32.Build.0 = Debug|Win32
		{5A6408D1-08AD-134A-8C0F-1EA0C3B296BD}.Debug|x64.ActiveCfg = Debug|x64
		{5A6408D1-08AD-134A-8C0F-1EA0C3B296BD}.Debug|x64.Build.0 = Debug|x64
		{BE1B7EF1-51AD-6242-8098-90F0AA3A7787}.Release|Win32.ActiveCfg = Release|Win32
		{BE1B7EF1-51AD-6242-8098-90F0AA3A7787}.Release|Win32.Build.0 = Release|Win32
		{BE1B7EF1-51AD-6242-8098-90F0AA3A7787}.Release|x64.ActiveCfg = Release|x64
		{BE1B7EF1-51AD-6242-8098-90F0AA3A7787}.Release|x64.Build.0 = Release|x64
		{BE1B7EF1-51AD-6242-8098-90F0AA3A7787}.Debug|Win32.ActiveCfg = Debug|Win32
		{BE1B7EF1-51AD-6242-8098-90F0AA3A7787}.Debug|Win32.Build.0 = Debug|Win32
		{BE1B7EF1-51AD-6242-8098-90F0AA3A7787}.Debug|x64.ActiveCfg = Debug|x64
		{BE1B7EF1-51AD-6242-8098-90F0AA3A7787}.Debug|x64.Build.0 = Debug|x64
		{0174CD6E-59FF-AA42-B007-A5E90D8E9131}.Release|Win32.ActiveCfg = Release|Win32
		{0174CD6E-59FF-AA42-B007-A5E90D8E9131}.Release|Win32.Build.0 = Release|Win32
		{0174CD6E-59FF-AA42-B007-A5E90D8E9131}.Release|x64.ActiveCfg = Release|x64
		{0174CD6E-59FF-AA42-B007-A5E90D8E9131}.Release|x64.Build.0 = Release|x64
		{0174CD6E-59FF-AA42-B007-A5E90D8E9131}.Debug|Win32.ActiveCfg = Debug|Win32
		{0174CD6E-59FF-AA42-B007-A5E90D8E9131}.Debug|Win32.Build.0 = Debug|Win32
		{0174CD6E-59FF-AA42-B007-A5E90D8E9131}.Debug|x64.ActiveCfg = Debug|x64
		{0174CD6E-59FF-AA42-B007-A5E90D8E9131}.Debug|x64.Build.0 = Debug|x64
		{EB73B7E0-8A5E-BD47-A7BC-D151D1F99DDD}.Release|Win32.ActiveCfg = Release|Win32
		{EB73B7E0-8A5E-BD47-A7BC-D151D1F99DDD}.Release|Win32.Build.0 = Release|Win32
		{EB73B7E0-8A5E-BD47-A7BC-D151D1F99DDD}.Release|x64.ActiveCfg = Release|x64
		{EB73B7E0-8A5E-BD47-A7BC-D151D1F99DDD}.Release|x64.Build.0 = Release|x64
		{EB73B7E0-8A5E-BD47-A7BC-D151D1F99DDD}.Debug|Win32.ActiveCfg = Debug|Win32
		{EB73B7E0-8A5E-BD47-A7BC-D151D1F99DDD}.Debug|Win32.Build.0 = Debug|Win32
		{EB73B7E0-8A5E-BD47-A7BC-D151D1F99DDD}.Debug|x64.ActiveCfg = Debug|x64
		{EB73B7E0-8A5E-BD47-A7BC-D151D1F99DDD}.Debug|x64.Build.0 = Debug|x64
		{68354FC2-C3DA-364F-B6ED-21654CA52B4A}.Release|Win32.ActiveCfg = Release|Win32
		{68354FC2-C3DA-364F-B6ED-21654CA52B4A}.Release|Win32.Build.0 = Release|Win32
		{68354FC2-C3DA-364F-B6ED-21654CA52B4A}.Release|x64.ActiveCfg = Release|x64
		{68354FC2-C3DA-364F-B6ED-21654CA52B4A}.Release|x64.Build.0 = Release|x64
		{68354FC2-C3DA-364F-B6ED-21654CA52B4A}.Debug|Win32.ActiveCfg = Debug|Win32
		{68354FC2-C3DA-364F-B6ED-21654CA52B4A}.Debug|Win32.Build.0 = Debug|Win32
		{68354FC2-C3DA-364F-B6ED-21654CA52B4A}.Debug|x64.ActiveCfg = Debug|x64
		{68354FC2-C3DA-364F-B6ED-21654CA52B4A}.Debug|x64.Build.0 = Debug|x64
		{2DDAB456-B450-9E4D-B88F-18F90A24470C}.Release|Win32.ActiveCfg = Release|Win32
		{2DDAB456-B450-9E4D-B88F-18F90A24470C}.Release|Win32.Build.0 = Release|Win32
		{2DDAB456-B450-9E4D-B88F-18F90A24470C}.Release|x64.ActiveCfg = Release|x64
		{2DDAB456-B450-9E4D-B88F-18F90A24470C}.Release|x64.Build.0 = Release|x64
		{2DDAB456-B450-9E4D-B88F-18F90A24470C}.Debug|Win32.ActiveCfg = Debug|Win32
		{2DDAB456-B450-9E4D-B88F-18F90A24470C}.Debug|Win32.Build.0 = Debug|Win32
		{2DDAB456-B450-9E4D-B88F-18F90A24470C}.Debug|x64.ActiveCfg = Debug|x64
		{2DDAB456-B450-9E4D-B88F-18F90A24470C}.Debug|x64.Build.0 = Debug|x64
		{88FBD0A1-249E-4D45-8C97-8560D57DD4A2}.Release|Win32.ActiveCfg = Release|Win32
		{88FBD0A1-249E-4D45-8C97-8560D57DD4A2}.Release|Win32.Build.0 = Release|Win32
		{88FBD0A1-249E-4D45-8C97-8560D57DD4A2}.Release|x64.ActiveCfg = Release|x64
		{88FBD0A1-249E-4D45-8C97-8560D57DD4A2}.Release|x64.Build.0 = Release|x64
		{88FBD0A1-249E-4D45-8C97-8560D57DD4A2}.Debug|Win32.ActiveCfg = Debug|Win32
		{88FBD0A1-249E-4D45-8C97-8560D57DD4A2}.Debug|Win32.Build.0 = Debug|Win32
		{88FBD0A1-249E-4D45-8C97-8560D57DD4A2}.Debug|x64.ActiveCfg = Debug|x64
		{88FBD0A1-249E-4D45-8C97-8560D57DD4A2}.Debug|x64.Build.0 = Debug|x64
		{B2D3CA8B-66EB-B04E-8800-6AAA43BC3495}.Release|Win32.ActiveCfg = Release|Win32
		{B2D3CA8B-66EB-B04E-8800-6AAA43BC3495}.Release|Win32.Build.0 = Release|Win32
		{B2D3CA8B-66EB-B04E-8800-6AAA43BC3495}.Release|x64.ActiveCfg = Release|x64
		{B2D3CA8B-66EB-B04E-8800-6AAA43BC3495}.Release|x64.Build.0 = Release|x64
		{B2D3CA8B-66EB-B04E-8800-6AAA43BC3495}.Debug|Win32.ActiveCfg = Debug|Win32
		{B2D3CA8B-66EB-B04E-8800-6AAA43BC3495}.Debug|Win32.Build.0 = Debug|Win32
		{B2D3CA8B-66EB-B04E-8800-6AAA43BC3495}.Debug|x64.ActiveCfg = Debug|x64
		{B2D3CA8B-66EB-B04E-8800-6AAA43BC3495}.Debug|x64.Build.0 = Debug|x64
		{6F1DC480-1465-D648-B775-5617139724E8}.Release|Win32.ActiveCfg = Release|Win32
		{6F1DC480-1465-D648-B775-5617139724E8}.Release|Win32.Build.0 = Release|Win32
		{6F1DC480-1465-D648-B775-5617139724E8}.Release|x64.ActiveCfg = Release|x64
		{6F1DC480-1465-D648-B775-5617139724E8}.Release|x64.Build.0 = Release|x64
		{6F1DC480-1465-D648-B775-5617139724E8}.Debug|Win32.ActiveCfg = Debug|Win32
		{6F1DC480-1465-D648-B775-5617139724E8}.Debug|Win32.Build.0 = Debug|Win32
		{6F1DC480-1465-D648-B775-5617139724E8}.Debug|x64.ActiveCfg = Debug|x64
		{6F1DC480-1465-D648-B775-5617139724E8}.Debug|x64.Build.0 = Debug|x64
		{F146612A-47E3-524B-8F41-9C5BFBF62966}.Release|Win32.ActiveCfg = Release|Win32
		{F146612A-47E3-524B-8F41-9C5BFBF62966}.Release|Win32.Build.0 = Release|Win32
		{F146612A-47E3-524B-8F41-9C5BFBF62966}.Release|x64.ActiveCfg = Release|x64
		{F146612A-47E3-524B-8F41-9C5BFBF62966}.Release|x64.Build.0 = Release|x64
		{F146612A-47E3-524B-8F41-9C5BFBF62966}.Debug|Win32.ActiveCfg = Debug|Win32
		{F146612A-47E3-524B-8F41-9C5BFBF62966}.Debug|Win32.Build.0 = Debug|Win32
		{F146612A-47E3-524B-8F41-9C5BFBF62966}.Debug|x64.ActiveCfg = Debug|x64
		{F146612A-47E3-524B-8F41-9C5BFBF62966}.Debug|x64.Build.0 = Debug|x64
		{F490C594-9687-EF43-945C-A639A5B15DA3}.Release|Win32.ActiveCfg = Release|Win32
		{F490C594-9687-EF43-945C-A639A5B15DA3}.Release|Win32.Build.0 = Release|Win32
		{F490C594-9687-EF43-945C-A639A5B15DA3}.Release|x64.ActiveCfg = Release|x64
		{F490C594-9687-EF43-945C-A639A5B15DA3}.Release|x64.Build.0 = Release|x64
		{F490C594-9687-EF43-945C-A639A5B15DA3}.Debug|Win32.ActiveCfg = Debug|Win32
		{F490C594-9687-EF43-945C-A639A5B15DA3}.Debug|Win32.Build.0 = Debug|Win32
		{F490C594-9687-EF43-945C-A639A5B15DA3}.Debug|x64.ActiveCfg = Debug|x64
		{F490C594-9687-EF43-945C-A639A5B15DA3}.Debug|x64.Build.0 = Debug|x64
		{00A4E0FC-3EBB-0548-88CB-AA47558DCB3C}.Release|Win32.ActiveCfg = Release|Win32
		{00A4E0FC-3EBB-0548-88CB-AA47558DCB3C}.Release|Win32.Build.0 = Release|Win32
		{00A4E0FC-3EBB-0548-88CB-AA47558DCB3C}.Release|x64.ActiveCfg = Release|x64
		{00A4E0FC-3EBB-0548-88CB-AA47558DCB3C}.Release|x64.Build.0 = Release|x64
		{00A4E0FC-3EBB-0548-88CB-AA47558DCB3C}.Debug|Win32.ActiveCfg = Debug|Win32
		{00A4E0FC-3EBB-0548-88CB-AA47558DCB3C}.Debug|Win32.Build.0 = Debug|Win32
		{00A4E0FC-3EBB-0548-88CB-AA47558DCB3C}.Debug|x64.ActiveCfg = Debug|x64
		{00A4E0FC-3EBB-0548-88CB-AA47558DCB3C}.Debug|x64.Build.0 = Debug|x64
		{70AEF0DF-CC0A-5348-A222-F133444BB301}.Release|Win32.ActiveCfg = Release|Win32
		{70AEF0DF-CC0A-5348-A222-F133444BB301}.Release|Win32.Build.0 = Release|Win32
		{70AEF0DF-CC0A-5348-A222-F133444BB301}.Release|x64.ActiveCfg = Release|x64
		{70AEF0DF-CC0A-5348-A222-F133444BB301}.Release|x64.Build.0 = Release|x64
		{70AEF0DF-CC0A-5348-A222-F133444BB301}.Debug|Win32.ActiveCfg = Debug|Win32
		{70AEF0DF-CC0A-5348-A222-F133444BB301}.Debug|Win32.Build.0 = Debug|Win32
		{70AEF0DF-CC0A-5348-A222-F133444BB301}.Debug|x64.ActiveCfg = Debug|x64
		{70AEF0DF-CC0A-5348-A222-F133444BB301}.Debug|x64.Build.0 = Debug|x64
		{13577357-67FE-8846-8B98-B03496094C84}.Release|Win32.ActiveCfg = Release|Win32
		{13577357-67FE-8846-8B98-B03496094C84}.Release|Win32.Build.0 = Release|Win32
		{13577357-67FE-8846-8B98-B03496094C84}.Release|x64.ActiveCfg = Release|x64
		{13577357-67FE-8846-8B98-B03496094C84}.Release|x64.Build.0 = Release|x64
		{13577357-67FE-8846-8B98-B03496094C84}.Debug|Win32.ActiveCfg = Debug|Win32
		{13577357-67FE-8846-8B98-B03496094C84}.Debug|Win32.Build.0 = Debug|Win32
		{13577357-67FE-8846-8B98-B03496094C84}.Debug|x64.ActiveCfg = Debug|x64
		{13577357-67FE-8846-8B98-B03496094C84}.Debug|x64.Build.0 = Debug|x64
		{29B4015C-8D48-F046-9A9E-076C693F4F12}.Release|Win32.ActiveCfg = Release|Win32
		{29B4015C-8D48-F046-9A9E-076C693F4F12}.Release|Win32.Build.0 = Release|Win32
		{29B4015C-8D48-F046-9A9E-076C693F4F12}.Release|x64.ActiveCfg = Release|x64
		{29B4015C-8D48-F046-9A9E-076C693F4F12}.Release|x64.Build.0 = Release|x64
		{29B4015C-8D48-F046-9A9E-076C693F4F12}.Debug|Win32.ActiveCfg = Debug|Win32
		{29B4015C-8D48-F046-9A9E-076C693F4F12}.Debug|Win32.Build.0 = Debug|Win32
		{29B4015C-8D48-F046-9A9E-076C693F4F12}.Debug|x64.ActiveCfg = Debug|x64
		{29B4015C-8D48-F046-9A9E-076C693F4F12}.Debug|x64.Build.0 = Debug|x64
		{564E3DAF-2B73-7B4C-BA9D-64CE52962BD1}.Release|Win32.ActiveCfg = Release|Win32
		{564E3DAF-2B73-7B4C-BA9D-64CE52962BD1}.Release|Win32.Build.0 = Release|Win32
		{564E3DAF-2B73-7B4C-BA9D-64CE52962BD1}.Release|x64.ActiveCfg = Release|x64
		{564E3DAF-2B73-7B4C-BA9D-64CE52962BD1}.Release|x64.Build.0 = Release|x64
		{564E3DAF-2B73-7B4C-BA9D-64CE52962BD1}.Debug|Win32.ActiveCfg = Debug|Win32
		{564E3DAF-2B73-7B4C-BA9D-64CE52962BD1}.Debug|Win32.Build.0 = Debug|Win32
		{564E3DAF-2B73-7B4C-BA9D-64CE52962BD1}.Debug|x64.ActiveCfg = Debug|x64
		{564E3DAF-2B73-7B4C-BA9D-64CE52962BD1}.Debug|x64.Build.0 = Debug|x64
		{761A03CC-CCB8-6346-AE62-5C65F108397F}.Release|Win32.ActiveCfg = Release|Win32
		{761A03CC-CCB8-6346-AE62-5C65F108397F}.Release|Win32.Build.0 = Release|Win32
		{761A03CC-CCB8-6346-AE62-5C65F108397F}.Release|x64.ActiveCfg = Release|x64
		{761A03CC-CCB8-6346-AE62-5C65F108397F}.Release|x64.Build.0 = Release|x64
		{761A03CC-CCB8-6346-AE62-5C65F108397F}.Debug|Win32.ActiveCfg = Debug|Win32
		{761A03CC-CCB8-6346-AE62-5C65F108397F}.Debug|Win32.Build.0 = Debug|Win32
		{761A03CC-CCB8-6346-AE62-5C65F108397F}.Debug|x64.ActiveCfg = Debug|x64
		{761A03CC-CCB8-6346-AE62-5C65F108397F}.Debug|x64.Build.0 = Debug|x64
		{0B61892E-B138-E44A-920E-5DD949620A40}.Release|Win32.ActiveCfg = Release|Win32
		{0B61892E-B138-E44A-920E-5DD949620A40}.Release|Win32.Build.0 = Release|Win32
		{0B61892E-B138-E44A-920E-5DD949620A40}.Release|x64.ActiveCfg = Release|x64
		{0B61892E-B138-E44A-920E-5DD949620A40}.Release|x64.Build.0 = Release|x64
		{0B61892E-B138-E44A-920E-5DD949620A40}.Debug|Win32.ActiveCfg = Debug|Win32
		{0B61892E-B138-E44A-920E-5DD949620A40}.Debug|Win32.Build.0 = Debug|Win32
		{0B61892E-B138-E44A-920E-5DD949620A40}.Debug|x64.ActiveCfg = Debug|x64
		{0B61892E-B138-E44A-920E-5DD949620A40}.Debug|x64.Build.0 = Debug|x64
		{3F5DF9AC-B9B2-8943-B29A-FF6784D05DDC}.Release|Win32.ActiveCfg = Release|Win32
		{3F5DF9AC-B9B2-8943-B29A-FF6784D05DDC}.Release|Win32.Build.0 = Release|Win32
		{3F5DF9AC-B9B2-8943-B29A-FF6784D05DDC}.Release|x64.ActiveCfg = Release|x64
		{3F5DF9AC-B9B2-8943-B29A-FF6784D05DDC}.Release|x64.Build.0 = Release|x64
		{3F5DF9AC-B9B2-8943-B29A-FF6784D05DDC}.Debug|Win32.ActiveCfg = Debug|Win32
		{3F5DF9AC-B9B2-8943-B29A-FF6784D05DDC}.Debug|Win32.Build.0 = Debug|Win32
		{3F5DF9AC-B9B2-8943-B29A-FF6784D05DDC}.Debug|x64.ActiveCfg = Debug|x64
		{3F5DF9AC-B9B2-8943-B29A-FF6784D05DDC}.Debug|x64.Build.0 = Debug|x64
		{853DFCD1-CE02-BF43-BEA9-C20122993170}.Release|Win32.ActiveCfg = Release|Win32
		{853DFCD1-CE02-BF43-BEA9-C20122993170}.Release|Win32.Build.0 = Release|Win32
		{853DFCD1-CE02-BF43-BEA9-C20122993170}.Release|x64.ActiveCfg = Release|x64
		{853DFCD1-CE02-BF43-BEA9-C20122993170}.Release|x64.Build.0 = Release|x64
		{853DFCD1-CE02-BF43-BEA9-C20122993170}.Debug|Win32.ActiveCfg = Debug|Win32
		{853DFCD1-CE02-BF43-BEA9-C20122993170}.Debug|Win32.Build.0 = Debug|Win32
		{853DFCD1-CE02-BF43-BEA9-C20122993170}.Debug|x64.ActiveCfg = Debug|x64
		{853DFCD1-CE02-BF43-BEA9-C20122993170}.Debug|x64.Build.0 = Debug|x64
		{8D312FB5-87EF-364C-A7A8-A4DD4E4C2007}.Release|Win32.ActiveCfg = Release|Win32
		{8D312FB5-87EF-364C-A7A8-A4DD4E4C2007}.Release|Win32.Build.0 = Release|Win32
		{8D312FB5-87EF-364C-A7A8-A4DD4E4C2007}.Release|x64.ActiveCfg = Release|x64
		{8D312FB5-87EF-364C-A7A8-A4DD4E4C2007}.Release|x64.Build.0 = Release|x64
		{8D312FB5-87EF-364C-A7A8-A4DD4E4C2007}.Debug|Win32.ActiveCfg = Debug|Win32
		{8D312FB5-87EF-364C-A7A8-A4DD4E4C2007}.Debug|Win32.Build.0 = Debug|Win32
		{8D312FB5-87EF-364C-A7A8-A4DD4E4C2007}.Debug|x64.ActiveCfg = Debug|x64
		{8D312FB5-87EF-364C-A7A8-A4DD4E4C2007}.Debug|x64.Build.0 = Debug|x64
		{BB7E7ECA-D950-9245-841F-34E92109AD21}.Release|Win32.ActiveCfg = Release|Win32
		{BB7E7ECA-D950-9245-841F-34E92109AD21}.Release|Win32.Build.0 = Release|Win32
		{BB7E7ECA-D950-9245-841F-34E92109AD21}.Release|x64.ActiveCfg = Release|x64
		{BB7E7ECA-D950-9245-841F-34E92109AD21}.Release|x64.Build.0 = Release|x64
		{BB7E7ECA-D950-9245-841F-34E92109AD21}.Debug|Win32.ActiveCfg = Debug|Win32
		{BB7E7ECA-D950-9245-841F-34E92109AD21}.Debug|Win32.Build.0 = Debug|Win32
		{BB7E7ECA-D950-9245-841F-34E92109AD21}.Debug|x64.ActiveCfg = Debug|x64
		{BB7E7ECA-D950-9245-841F-34E92109AD21}.Debug|x64.Build.0 = Debug|x64
	EndGlobalSection
	GlobalSection(SolutionProperties) = preSolution
		HideSolutionNode = FALSE
	EndGlobalSection
EndGlobal
