<?xml version="1.0" encoding="utf-8"?>
<Project ToolsVersion="4.0" xmlns="http://schemas.microsoft.com/developer/msbuild/2003">
  <ItemGroup>
    <Filter Include="examples">
      <UniqueIdentifier>{89F6147E-A8EE-2040-994C-E90F3F7D02B6}</UniqueIdentifier>
    </Filter>
    <Filter Include="examples\SharedMemory">
      <UniqueIdentifier>{AE5F13D4-8A65-D64A-B831-203B20A02474}</UniqueIdentifier>
    </Filter>
    <Filter Include="examples\Importers">
      <UniqueIdentifier>{B90073ED-CEC2-8740-BAEE-B070DDC9BD96}</UniqueIdentifier>
    </Filter>
    <Filter Include="examples\Importers\ImportURDFDemo">
      <UniqueIdentifier>{78B36EA7-92AF-4244-9EC8-F61A8CF040A3}</UniqueIdentifier>
    </Filter>
    <Filter Include="examples\Utils">
      <UniqueIdentifier>{FE76D379-6799-B44A-8456-165767C078D4}</UniqueIdentifier>
    </Filter>
    <Filter Include="Extras">
      <UniqueIdentifier>{D3B40C30-D2BD-F04E-81CC-910A175B38B8}</UniqueIdentifier>
    </Filter>
    <Filter Include="Extras\Serialize">
      <UniqueIdentifier>{88BDD584-78E3-FF41-8272-D0E82F9013ED}</UniqueIdentifier>
    </Filter>
    <Filter Include="Extras\Serialize\BulletWorldImporter">
      <UniqueIdentifier>{C3661F54-EE9D-F64D-8D67-721172E9EBE6}</UniqueIdentifier>
    </Filter>
    <Filter Include="Extras\Serialize\BulletFileLoader">
      <UniqueIdentifier>{D39316FE-2A1B-DD4F-A591-D35368A372E1}</UniqueIdentifier>
    </Filter>
    <Filter Include="examples\Importers\ImportObjDemo">
      <UniqueIdentifier>{93D23E1A-091C-FF42-A2BA-D6CCE18E9451}</UniqueIdentifier>
    </Filter>
    <Filter Include="examples\Importers\ImportSTLDemo">
      <UniqueIdentifier>{2DB42503-A6A3-EA44-8345-98F10C44371A}</UniqueIdentifier>
    </Filter>
    <Filter Include="examples\Importers\ImportColladaDemo">
      <UniqueIdentifier>{959EADFF-D621-D34E-B24C-2B1E91872F62}</UniqueIdentifier>
    </Filter>
    <Filter Include="examples\ThirdPartyLibs">
      <UniqueIdentifier>{45387BF3-428D-2E4F-B71F-99988A402691}</UniqueIdentifier>
    </Filter>
    <Filter Include="examples\ThirdPartyLibs\Wavefront">
      <UniqueIdentifier>{E561C4BE-749A-504C-AB84-FF6354B31A47}</UniqueIdentifier>
    </Filter>
    <Filter Include="examples\ThirdPartyLibs\urdf">
      <UniqueIdentifier>{D3CD3A14-303B-C342-ADB9-F7E3F48340FB}</UniqueIdentifier>
    </Filter>
    <Filter Include="examples\ThirdPartyLibs\urdf\urdfdom">
      <UniqueIdentifier>{7B3589CB-E363-0B4D-8528-8770112A0F5A}</UniqueIdentifier>
    </Filter>
    <Filter Include="examples\ThirdPartyLibs\urdf\urdfdom\urdf_parser">
      <UniqueIdentifier>{85BAED2E-5401-924C-87C2-CFA858F37990}</UniqueIdentifier>
    </Filter>
    <Filter Include="examples\ThirdPartyLibs\urdf\urdfdom\urdf_parser\src">
      <UniqueIdentifier>{D5F96B7A-3B21-0B48-AABF-3E9CAB7C8765}</UniqueIdentifier>
    </Filter>
    <Filter Include="examples\ThirdPartyLibs\urdf\urdfdom\urdf_parser\include">
      <UniqueIdentifier>{15597486-37B3-C64F-9E1F-8CCF6E5D6764}</UniqueIdentifier>
    </Filter>
    <Filter Include="examples\ThirdPartyLibs\urdf\urdfdom\urdf_parser\include\urdf_parser">
      <UniqueIdentifier>{FB9DE74B-E3B5-2147-89CA-04123D3620DD}</UniqueIdentifier>
    </Filter>
    <Filter Include="examples\ThirdPartyLibs\urdf\urdfdom_headers">
      <UniqueIdentifier>{8F27039F-0F4F-7B45-97D0-CDA01C5E8179}</UniqueIdentifier>
    </Filter>
    <Filter Include="examples\ThirdPartyLibs\urdf\urdfdom_headers\urdf_exception">
      <UniqueIdentifier>{3F304EEC-930D-8940-A996-96EAEE341F8C}</UniqueIdentifier>
    </Filter>
    <Filter Include="examples\ThirdPartyLibs\urdf\urdfdom_headers\urdf_exception\include">
      <UniqueIdentifier>{7618C294-3D23-7346-B603-25918C48084C}</UniqueIdentifier>
    </Filter>
    <Filter Include="examples\ThirdPartyLibs\urdf\urdfdom_headers\urdf_exception\include\urdf_exception">
      <UniqueIdentifier>{9ECAED09-93CE-B345-B927-AC1B9D77C7A5}</UniqueIdentifier>
    </Filter>
    <Filter Include="examples\ThirdPartyLibs\urdf\urdfdom_headers\urdf_model">
      <UniqueIdentifier>{2717CFA0-57BC-4C43-B974-68D79ACE62DE}</UniqueIdentifier>
    </Filter>
    <Filter Include="examples\ThirdPartyLibs\urdf\urdfdom_headers\urdf_model\include">
      <UniqueIdentifier>{491BA2E7-9B65-2149-AFB8-F513FD9AB15C}</UniqueIdentifier>
    </Filter>
    <Filter Include="examples\ThirdPartyLibs\urdf\urdfdom_headers\urdf_model\include\urdf_model">
      <UniqueIdentifier>{97FC16C7-0756-4543-911E-3C5AFAEAFCBB}</UniqueIdentifier>
    </Filter>
    <Filter Include="examples\ThirdPartyLibs\tinyxml">
      <UniqueIdentifier>{5204A1CB-A718-B348-808C-90C035BE3576}</UniqueIdentifier>
    </Filter>
    <Filter Include="examples\ThirdPartyLibs\urdf\boost_replacement">
      <UniqueIdentifier>{0737F477-5DA0-AF47-83F3-E9ED8F7B5B43}</UniqueIdentifier>
    </Filter>
  </ItemGroup>
  <ItemGroup>
    <None Include="..\..\Extras\Serialize\BulletWorldImporter\CMakeLists.txt">
      <Filter>Extras\Serialize\BulletWorldImporter</Filter>
    </None>
    <None Include="..\..\Extras\Serialize\BulletWorldImporter\premake4.lua">
      <Filter>Extras\Serialize\BulletWorldImporter</Filter>
    </None>
    <None Include="..\..\Extras\Serialize\BulletFileLoader\CMakeLists.txt">
      <Filter>Extras\Serialize\BulletFileLoader</Filter>
    </None>
    <None Include="..\..\Extras\Serialize\BulletFileLoader\premake4.lua">
      <Filter>Extras\Serialize\BulletFileLoader</Filter>
    </None>
  </ItemGroup>
  <ItemGroup>
    <ClInclude Include="..\..\examples\SharedMemory\PhysicsServerSharedMemory.h">
      <Filter>examples\SharedMemory</Filter>
    </ClInclude>
    <ClInclude Include="..\..\examples\SharedMemory\PhysicsServer.h">
      <Filter>examples\SharedMemory</Filter>
    </ClInclude>
    <ClInclude Include="..\..\examples\SharedMemory\PhysicsDirect.h">
      <Filter>examples\SharedMemory</Filter>
    </ClInclude>
    <ClInclude Include="..\..\examples\SharedMemory\PhysicsDirectC_API.h">
      <Filter>examples\SharedMemory</Filter>
    </ClInclude>
    <ClInclude Include="..\..\examples\SharedMemory\PhysicsLoopBack.h">
      <Filter>examples\SharedMemory</Filter>
    </ClInclude>
    <ClInclude Include="..\..\examples\SharedMemory\PhysicsLoopBackC_API.h">
      <Filter>examples\SharedMemory</Filter>
    </ClInclude>
    <ClInclude Include="..\..\examples\SharedMemory\PhysicsServerCommandProcessor.h">
      <Filter>examples\SharedMemory</Filter>
    </ClInclude>
    <ClInclude Include="..\..\examples\Importers\ImportURDFDemo\ConvertRigidBodies2MultiBody.h">
      <Filter>examples\Importers\ImportURDFDemo</Filter>
    </ClInclude>
    <ClInclude Include="..\..\examples\Importers\ImportURDFDemo\MultiBodyCreationInterface.h">
      <Filter>examples\Importers\ImportURDFDemo</Filter>
    </ClInclude>
    <ClInclude Include="..\..\examples\Importers\ImportURDFDemo\MyMultiBodyCreator.h">
      <Filter>examples\Importers\ImportURDFDemo</Filter>
    </ClInclude>
    <ClInclude Include="..\..\examples\Importers\ImportURDFDemo\BulletUrdfImporter.h">
      <Filter>examples\Importers\ImportURDFDemo</Filter>
    </ClInclude>
    <ClInclude Include="..\..\examples\Importers\ImportURDFDemo\UrdfParser.h">
      <Filter>examples\Importers\ImportURDFDemo</Filter>
    </ClInclude>
    <ClInclude Include="..\..\examples\Importers\ImportURDFDemo\URDF2Bullet.h">
      <Filter>examples\Importers\ImportURDFDemo</Filter>
    </ClInclude>
    <ClInclude Include="..\..\Extras\Serialize\BulletWorldImporter\btBulletWorldImporter.h">
      <Filter>Extras\Serialize\BulletWorldImporter</Filter>
    </ClInclude>
    <ClInclude Include="..\..\Extras\Serialize\BulletWorldImporter\btWorldImporter.h">
      <Filter>Extras\Serialize\BulletWorldImporter</Filter>
    </ClInclude>
    <ClInclude Include="..\..\Extras\Serialize\BulletFileLoader\bChunk.h">
      <Filter>Extras\Serialize\BulletFileLoader</Filter>
    </ClInclude>
    <ClInclude Include="..\..\Extras\Serialize\BulletFileLoader\bCommon.h">
      <Filter>Extras\Serialize\BulletFileLoader</Filter>
    </ClInclude>
    <ClInclude Include="..\..\Extras\Serialize\BulletFileLoader\bDefines.h">
      <Filter>Extras\Serialize\BulletFileLoader</Filter>
    </ClInclude>
    <ClInclude Include="..\..\Extras\Serialize\BulletFileLoader\bDNA.h">
      <Filter>Extras\Serialize\BulletFileLoader</Filter>
    </ClInclude>
    <ClInclude Include="..\..\Extras\Serialize\BulletFileLoader\bFile.h">
      <Filter>Extras\Serialize\BulletFileLoader</Filter>
    </ClInclude>
    <ClInclude Include="..\..\Extras\Serialize\BulletFileLoader\btBulletFile.h">
      <Filter>Extras\Serialize\BulletFileLoader</Filter>
    </ClInclude>
    <ClInclude Include="..\..\examples\Importers\ImportURDFDemo\URDFImporterInterface.h">
      <Filter>examples\Importers\ImportURDFDemo</Filter>
    </ClInclude>
    <ClInclude Include="..\..\examples\Importers\ImportURDFDemo\URDFJointTypes.h">
      <Filter>examples\Importers\ImportURDFDemo</Filter>
    </ClInclude>
    <ClInclude Include="..\..\examples\Importers\ImportSTLDemo\ImportSTLSetup.h">
      <Filter>examples\Importers\ImportSTLDemo</Filter>
    </ClInclude>
    <ClInclude Include="..\..\examples\Importers\ImportSTLDemo\LoadMeshFromSTL.h">
      <Filter>examples\Importers\ImportSTLDemo</Filter>
    </ClInclude>
    <ClInclude Include="..\..\examples\Importers\ImportColladaDemo\ColladaGraphicsInstance.h">
      <Filter>examples\Importers\ImportColladaDemo</Filter>
    </ClInclude>
    <ClInclude Include="..\..\examples\ThirdPartyLibs\urdf\urdfdom\urdf_parser\include\urdf_parser\urdf_parser.h">
      <Filter>examples\ThirdPartyLibs\urdf\urdfdom\urdf_parser\include\urdf_parser</Filter>
    </ClInclude>
    <ClInclude Include="..\..\examples\ThirdPartyLibs\urdf\urdfdom_headers\urdf_exception\include\urdf_exception\exception.h">
      <Filter>examples\ThirdPartyLibs\urdf\urdfdom_headers\urdf_exception\include\urdf_exception</Filter>
    </ClInclude>
    <ClInclude Include="..\..\examples\ThirdPartyLibs\urdf\urdfdom_headers\urdf_model\include\urdf_model\pose.h">
      <Filter>examples\ThirdPartyLibs\urdf\urdfdom_headers\urdf_model\include\urdf_model</Filter>
    </ClInclude>
    <ClInclude Include="..\..\examples\ThirdPartyLibs\urdf\urdfdom_headers\urdf_model\include\urdf_model\model.h">
      <Filter>examples\ThirdPartyLibs\urdf\urdfdom_headers\urdf_model\include\urdf_model</Filter>
    </ClInclude>
    <ClInclude Include="..\..\examples\ThirdPartyLibs\urdf\urdfdom_headers\urdf_model\include\urdf_model\link.h">
      <Filter>examples\ThirdPartyLibs\urdf\urdfdom_headers\urdf_model\include\urdf_model</Filter>
    </ClInclude>
    <ClInclude Include="..\..\examples\ThirdPartyLibs\urdf\urdfdom_headers\urdf_model\include\urdf_model\joint.h">
      <Filter>examples\ThirdPartyLibs\urdf\urdfdom_headers\urdf_model\include\urdf_model</Filter>
    </ClInclude>
    <ClInclude Include="..\..\examples\ThirdPartyLibs\urdf\boost_replacement\lexical_cast.h">
      <Filter>examples\ThirdPartyLibs\urdf\boost_replacement</Filter>
    </ClInclude>
    <ClInclude Include="..\..\examples\ThirdPartyLibs\urdf\boost_replacement\shared_ptr.h">
      <Filter>examples\ThirdPartyLibs\urdf\boost_replacement</Filter>
    </ClInclude>
    <ClInclude Include="..\..\examples\ThirdPartyLibs\urdf\boost_replacement\printf_console.h">
      <Filter>examples\ThirdPartyLibs\urdf\boost_replacement</Filter>
    </ClInclude>
    <ClInclude Include="..\..\examples\ThirdPartyLibs\urdf\boost_replacement\string_split.h">
      <Filter>examples\ThirdPartyLibs\urdf\boost_replacement</Filter>
    </ClInclude>
  </ItemGroup>
  <ItemGroup>
    <ClCompile Include="..\..\examples\SharedMemory\PhysicsClient.cpp">
      <Filter>examples\SharedMemory</Filter>
    </ClCompile>
    <ClCompile Include="..\..\examples\SharedMemory\PhysicsClientSharedMemory.cpp">
      <Filter>examples\SharedMemory</Filter>
    </ClCompile>
    <ClCompile Include="..\..\examples\SharedMemory\PhysicsClientExample.cpp">
      <Filter>examples\SharedMemory</Filter>
    </ClCompile>
    <ClCompile Include="..\..\examples\SharedMemory\PhysicsServerExample.cpp">
      <Filter>examples\SharedMemory</Filter>
    </ClCompile>
    <ClCompile Include="..\..\examples\SharedMemory\PhysicsServerSharedMemory.cpp">
      <Filter>examples\SharedMemory</Filter>
    </ClCompile>
    <ClCompile Include="..\..\examples\SharedMemory\PhysicsServer.cpp">
      <Filter>examples\SharedMemory</Filter>
    </ClCompile>
    <ClCompile Include="..\..\examples\SharedMemory\main.cpp">
      <Filter>examples\SharedMemory</Filter>
    </ClCompile>
    <ClCompile Include="..\..\examples\SharedMemory\PhysicsClientC_API.cpp">
      <Filter>examples\SharedMemory</Filter>
    </ClCompile>
    <ClCompile Include="..\..\examples\SharedMemory\PosixSharedMemory.cpp">
      <Filter>examples\SharedMemory</Filter>
    </ClCompile>
    <ClCompile Include="..\..\examples\SharedMemory\Win32SharedMemory.cpp">
      <Filter>examples\SharedMemory</Filter>
    </ClCompile>
    <ClCompile Include="..\..\examples\SharedMemory\PhysicsDirect.cpp">
      <Filter>examples\SharedMemory</Filter>
    </ClCompile>
    <ClCompile Include="..\..\examples\SharedMemory\PhysicsDirectC_API.cpp">
      <Filter>examples\SharedMemory</Filter>
    </ClCompile>
    <ClCompile Include="..\..\examples\SharedMemory\PhysicsLoopBack.cpp">
      <Filter>examples\SharedMemory</Filter>
    </ClCompile>
    <ClCompile Include="..\..\examples\SharedMemory\PhysicsLoopBackC_API.cpp">
      <Filter>examples\SharedMemory</Filter>
    </ClCompile>
    <ClCompile Include="..\..\examples\SharedMemory\PhysicsServerCommandProcessor.cpp">
      <Filter>examples\SharedMemory</Filter>
    </ClCompile>
    <ClCompile Include="..\..\examples\Importers\ImportURDFDemo\MyMultiBodyCreator.cpp">
      <Filter>examples\Importers\ImportURDFDemo</Filter>
    </ClCompile>
    <ClCompile Include="..\..\examples\Importers\ImportURDFDemo\BulletUrdfImporter.cpp">
      <Filter>examples\Importers\ImportURDFDemo</Filter>
    </ClCompile>
    <ClCompile Include="..\..\examples\Importers\ImportURDFDemo\UrdfParser.cpp">
      <Filter>examples\Importers\ImportURDFDemo</Filter>
    </ClCompile>
    <ClCompile Include="..\..\examples\Importers\ImportURDFDemo\urdfStringSplit.cpp">
      <Filter>examples\Importers\ImportURDFDemo</Filter>
    </ClCompile>
    <ClCompile Include="..\..\examples\Importers\ImportURDFDemo\URDF2Bullet.cpp">
      <Filter>examples\Importers\ImportURDFDemo</Filter>
    </ClCompile>
    <ClCompile Include="..\..\examples\Utils\b3ResourcePath.cpp">
      <Filter>examples\Utils</Filter>
    </ClCompile>
    <ClCompile Include="..\..\examples\Utils\b3Clock.cpp">
      <Filter>examples\Utils</Filter>
    </ClCompile>
    <ClCompile Include="..\..\Extras\Serialize\BulletWorldImporter\btBulletWorldImporter.cpp">
      <Filter>Extras\Serialize\BulletWorldImporter</Filter>
    </ClCompile>
    <ClCompile Include="..\..\Extras\Serialize\BulletWorldImporter\btWorldImporter.cpp">
      <Filter>Extras\Serialize\BulletWorldImporter</Filter>
    </ClCompile>
    <ClCompile Include="..\..\Extras\Serialize\BulletFileLoader\bChunk.cpp">
      <Filter>Extras\Serialize\BulletFileLoader</Filter>
    </ClCompile>
    <ClCompile Include="..\..\Extras\Serialize\BulletFileLoader\bDNA.cpp">
      <Filter>Extras\Serialize\BulletFileLoader</Filter>
    </ClCompile>
    <ClCompile Include="..\..\Extras\Serialize\BulletFileLoader\bFile.cpp">
      <Filter>Extras\Serialize\BulletFileLoader</Filter>
    </ClCompile>
    <ClCompile Include="..\..\Extras\Serialize\BulletFileLoader\btBulletFile.cpp">
      <Filter>Extras\Serialize\BulletFileLoader</Filter>
    </ClCompile>
    <ClCompile Include="..\..\examples\Importers\ImportObjDemo\Wavefront2GLInstanceGraphicsShape.cpp">
      <Filter>examples\Importers\ImportObjDemo</Filter>
    </ClCompile>
    <ClCompile Include="..\..\examples\Importers\ImportObjDemo\LoadMeshFromObj.cpp">
      <Filter>examples\Importers\ImportObjDemo</Filter>
    </ClCompile>
    <ClCompile Include="..\..\examples\Importers\ImportColladaDemo\LoadMeshFromCollada.cpp">
      <Filter>examples\Importers\ImportColladaDemo</Filter>
    </ClCompile>
    <ClCompile Include="..\..\examples\ThirdPartyLibs\Wavefront\tiny_obj_loader.cpp">
      <Filter>examples\ThirdPartyLibs\Wavefront</Filter>
    </ClCompile>
    <ClCompile Include="..\..\examples\ThirdPartyLibs\urdf\urdfdom\urdf_parser\src\pose.cpp">
      <Filter>examples\ThirdPartyLibs\urdf\urdfdom\urdf_parser\src</Filter>
    </ClCompile>
    <ClCompile Include="..\..\examples\ThirdPartyLibs\urdf\urdfdom\urdf_parser\src\model.cpp">
      <Filter>examples\ThirdPartyLibs\urdf\urdfdom\urdf_parser\src</Filter>
    </ClCompile>
    <ClCompile Include="..\..\examples\ThirdPartyLibs\urdf\urdfdom\urdf_parser\src\link.cpp">
      <Filter>examples\ThirdPartyLibs\urdf\urdfdom\urdf_parser\src</Filter>
    </ClCompile>
    <ClCompile Include="..\..\examples\ThirdPartyLibs\urdf\urdfdom\urdf_parser\src\joint.cpp">
      <Filter>examples\ThirdPartyLibs\urdf\urdfdom\urdf_parser\src</Filter>
    </ClCompile>
    <ClCompile Include="..\..\examples\ThirdPartyLibs\tinyxml\tinystr.cpp">
      <Filter>examples\ThirdPartyLibs\tinyxml</Filter>
    </ClCompile>
    <ClCompile Include="..\..\examples\ThirdPartyLibs\tinyxml\tinyxml.cpp">
      <Filter>examples\ThirdPartyLibs\tinyxml</Filter>
    </ClCompile>
    <ClCompile Include="..\..\examples\ThirdPartyLibs\tinyxml\tinyxmlerror.cpp">
      <Filter>examples\ThirdPartyLibs\tinyxml</Filter>
    </ClCompile>
    <ClCompile Include="..\..\examples\ThirdPartyLibs\tinyxml\tinyxmlparser.cpp">
      <Filter>examples\ThirdPartyLibs\tinyxml</Filter>
    </ClCompile>
    <ClCompile Include="..\..\examples\ThirdPartyLibs\urdf\boost_replacement\printf_console.cpp">
      <Filter>examples\ThirdPartyLibs\urdf\boost_replacement</Filter>
    </ClCompile>
    <ClCompile Include="..\..\examples\ThirdPartyLibs\urdf\boost_replacement\string_split.cpp">
      <Filter>examples\ThirdPartyLibs\urdf\boost_replacement</Filter>
    </ClCompile>
  </ItemGroup>
</Project>
