<?xml version="1.0" encoding="utf-8"?>
<Project ToolsVersion="4.0" xmlns="http://schemas.microsoft.com/developer/msbuild/2003">
  <ItemGroup>
    <Filter Include="src">
      <UniqueIdentifier>{A54F35C0-E246-A94D-B9CD-71F9DCDA12A1}</UniqueIdentifier>
    </Filter>
    <Filter Include="src\BulletDynamics">
      <UniqueIdentifier>{21366D44-1F80-F14F-8EEC-16255472610F}</UniqueIdentifier>
    </Filter>
    <Filter Include="src\BulletDynamics\Dynamics">
      <UniqueIdentifier>{9FC206DF-54B3-0F45-9051-44B731146314}</UniqueIdentifier>
    </Filter>
    <Filter Include="src\BulletDynamics\ConstraintSolver">
      <UniqueIdentifier>{8C023C8C-581C-8840-9A87-960640BA18CD}</UniqueIdentifier>
    </Filter>
    <Filter Include="src\BulletDynamics\Featherstone">
      <UniqueIdentifier>{49C8701F-E187-5C43-9730-BA0C405E928B}</UniqueIdentifier>
    </Filter>
    <Filter Include="src\BulletDynamics\MLCPSolvers">
      <UniqueIdentifier>{57FB4F51-BF94-2D49-BC72-1405C77F0FE0}</UniqueIdentifier>
    </Filter>
    <Filter Include="src\BulletDynamics\Vehicle">
      <UniqueIdentifier>{F0D5E532-9F1C-614F-B16F-51A7A6433C40}</UniqueIdentifier>
    </Filter>
    <Filter Include="src\BulletDynamics\Character">
      <UniqueIdentifier>{D5642817-8A6B-874F-8C0D-7796AFDFBECB}</UniqueIdentifier>
    </Filter>
  </ItemGroup>
  <ItemGroup>
    <ClInclude Include="..\..\src\BulletDynamics\Dynamics\btActionInterface.h">
      <Filter>src\BulletDynamics\Dynamics</Filter>
    </ClInclude>
    <ClInclude Include="..\..\src\BulletDynamics\Dynamics\btDiscreteDynamicsWorld.h">
      <Filter>src\BulletDynamics\Dynamics</Filter>
    </ClInclude>
    <ClInclude Include="..\..\src\BulletDynamics\Dynamics\btDynamicsWorld.h">
      <Filter>src\BulletDynamics\Dynamics</Filter>
    </ClInclude>
    <ClInclude Include="..\..\src\BulletDynamics\Dynamics\btRigidBody.h">
      <Filter>src\BulletDynamics\Dynamics</Filter>
    </ClInclude>
    <ClInclude Include="..\..\src\BulletDynamics\Dynamics\btSimpleDynamicsWorld.h">
      <Filter>src\BulletDynamics\Dynamics</Filter>
    </ClInclude>
    <ClInclude Include="..\..\src\BulletDynamics\ConstraintSolver\btConeTwistConstraint.h">
      <Filter>src\BulletDynamics\ConstraintSolver</Filter>
    </ClInclude>
    <ClInclude Include="..\..\src\BulletDynamics\ConstraintSolver\btConstraintSolver.h">
      <Filter>src\BulletDynamics\ConstraintSolver</Filter>
    </ClInclude>
    <ClInclude Include="..\..\src\BulletDynamics\ConstraintSolver\btContactConstraint.h">
      <Filter>src\BulletDynamics\ConstraintSolver</Filter>
    </ClInclude>
    <ClInclude Include="..\..\src\BulletDynamics\ConstraintSolver\btContactSolverInfo.h">
      <Filter>src\BulletDynamics\ConstraintSolver</Filter>
    </ClInclude>
    <ClInclude Include="..\..\src\BulletDynamics\ConstraintSolver\btFixedConstraint.h">
      <Filter>src\BulletDynamics\ConstraintSolver</Filter>
    </ClInclude>
    <ClInclude Include="..\..\src\BulletDynamics\ConstraintSolver\btGearConstraint.h">
      <Filter>src\BulletDynamics\ConstraintSolver</Filter>
    </ClInclude>
    <ClInclude Include="..\..\src\BulletDynamics\ConstraintSolver\btGeneric6DofConstraint.h">
      <Filter>src\BulletDynamics\ConstraintSolver</Filter>
    </ClInclude>
    <ClInclude Include="..\..\src\BulletDynamics\ConstraintSolver\btGeneric6DofSpring2Constraint.h">
      <Filter>src\BulletDynamics\ConstraintSolver</Filter>
    </ClInclude>
    <ClInclude Include="..\..\src\BulletDynamics\ConstraintSolver\btGeneric6DofSpringConstraint.h">
      <Filter>src\BulletDynamics\ConstraintSolver</Filter>
    </ClInclude>
    <ClInclude Include="..\..\src\BulletDynamics\ConstraintSolver\btHinge2Constraint.h">
      <Filter>src\BulletDynamics\ConstraintSolver</Filter>
    </ClInclude>
    <ClInclude Include="..\..\src\BulletDynamics\ConstraintSolver\btHingeConstraint.h">
      <Filter>src\BulletDynamics\ConstraintSolver</Filter>
    </ClInclude>
    <ClInclude Include="..\..\src\BulletDynamics\ConstraintSolver\btJacobianEntry.h">
      <Filter>src\BulletDynamics\ConstraintSolver</Filter>
    </ClInclude>
    <ClInclude Include="..\..\src\BulletDynamics\ConstraintSolver\btNNCGConstraintSolver.h">
      <Filter>src\BulletDynamics\ConstraintSolver</Filter>
    </ClInclude>
    <ClInclude Include="..\..\src\BulletDynamics\ConstraintSolver\btPoint2PointConstraint.h">
      <Filter>src\BulletDynamics\ConstraintSolver</Filter>
    </ClInclude>
    <ClInclude Include="..\..\src\BulletDynamics\ConstraintSolver\btSequentialImpulseConstraintSolver.h">
      <Filter>src\BulletDynamics\ConstraintSolver</Filter>
    </ClInclude>
    <ClInclude Include="..\..\src\BulletDynamics\ConstraintSolver\btSliderConstraint.h">
      <Filter>src\BulletDynamics\ConstraintSolver</Filter>
    </ClInclude>
    <ClInclude Include="..\..\src\BulletDynamics\ConstraintSolver\btSolve2LinearConstraint.h">
      <Filter>src\BulletDynamics\ConstraintSolver</Filter>
    </ClInclude>
    <ClInclude Include="..\..\src\BulletDynamics\ConstraintSolver\btSolverBody.h">
      <Filter>src\BulletDynamics\ConstraintSolver</Filter>
    </ClInclude>
    <ClInclude Include="..\..\src\BulletDynamics\ConstraintSolver\btSolverConstraint.h">
      <Filter>src\BulletDynamics\ConstraintSolver</Filter>
    </ClInclude>
    <ClInclude Include="..\..\src\BulletDynamics\ConstraintSolver\btTypedConstraint.h">
      <Filter>src\BulletDynamics\ConstraintSolver</Filter>
    </ClInclude>
    <ClInclude Include="..\..\src\BulletDynamics\ConstraintSolver\btUniversalConstraint.h">
      <Filter>src\BulletDynamics\ConstraintSolver</Filter>
    </ClInclude>
    <ClInclude Include="..\..\src\BulletDynamics\Featherstone\btMultiBody.h">
      <Filter>src\BulletDynamics\Featherstone</Filter>
    </ClInclude>
    <ClInclude Include="..\..\src\BulletDynamics\Featherstone\btMultiBodyConstraint.h">
      <Filter>src\BulletDynamics\Featherstone</Filter>
    </ClInclude>
    <ClInclude Include="..\..\src\BulletDynamics\Featherstone\btMultiBodyConstraintSolver.h">
      <Filter>src\BulletDynamics\Featherstone</Filter>
    </ClInclude>
    <ClInclude Include="..\..\src\BulletDynamics\Featherstone\btMultiBodyDynamicsWorld.h">
      <Filter>src\BulletDynamics\Featherstone</Filter>
    </ClInclude>
    <ClInclude Include="..\..\src\BulletDynamics\Featherstone\btMultiBodyJointFeedback.h">
      <Filter>src\BulletDynamics\Featherstone</Filter>
    </ClInclude>
    <ClInclude Include="..\..\src\BulletDynamics\Featherstone\btMultiBodyJointLimitConstraint.h">
      <Filter>src\BulletDynamics\Featherstone</Filter>
    </ClInclude>
    <ClInclude Include="..\..\src\BulletDynamics\Featherstone\btMultiBodyJointMotor.h">
      <Filter>src\BulletDynamics\Featherstone</Filter>
    </ClInclude>
    <ClInclude Include="..\..\src\BulletDynamics\Featherstone\btMultiBodyLink.h">
      <Filter>src\BulletDynamics\Featherstone</Filter>
    </ClInclude>
    <ClInclude Include="..\..\src\BulletDynamics\Featherstone\btMultiBodyLinkCollider.h">
      <Filter>src\BulletDynamics\Featherstone</Filter>
    </ClInclude>
    <ClInclude Include="..\..\src\BulletDynamics\Featherstone\btMultiBodyPoint2Point.h">
      <Filter>src\BulletDynamics\Featherstone</Filter>
    </ClInclude>
    <ClInclude Include="..\..\src\BulletDynamics\Featherstone\btMultiBodySolverConstraint.h">
      <Filter>src\BulletDynamics\Featherstone</Filter>
    </ClInclude>
    <ClInclude Include="..\..\src\BulletDynamics\MLCPSolvers\btDantzigLCP.h">
      <Filter>src\BulletDynamics\MLCPSolvers</Filter>
    </ClInclude>
    <ClInclude Include="..\..\src\BulletDynamics\MLCPSolvers\btDantzigSolver.h">
      <Filter>src\BulletDynamics\MLCPSolvers</Filter>
    </ClInclude>
    <ClInclude Include="..\..\src\BulletDynamics\MLCPSolvers\btLemkeAlgorithm.h">
      <Filter>src\BulletDynamics\MLCPSolvers</Filter>
    </ClInclude>
    <ClInclude Include="..\..\src\BulletDynamics\MLCPSolvers\btLemkeSolver.h">
      <Filter>src\BulletDynamics\MLCPSolvers</Filter>
    </ClInclude>
    <ClInclude Include="..\..\src\BulletDynamics\MLCPSolvers\btMLCPSolver.h">
      <Filter>src\BulletDynamics\MLCPSolvers</Filter>
    </ClInclude>
    <ClInclude Include="..\..\src\BulletDynamics\MLCPSolvers\btMLCPSolverInterface.h">
      <Filter>src\BulletDynamics\MLCPSolvers</Filter>
    </ClInclude>
    <ClInclude Include="..\..\src\BulletDynamics\MLCPSolvers\btPATHSolver.h">
      <Filter>src\BulletDynamics\MLCPSolvers</Filter>
    </ClInclude>
    <ClInclude Include="..\..\src\BulletDynamics\MLCPSolvers\btSolveProjectedGaussSeidel.h">
      <Filter>src\BulletDynamics\MLCPSolvers</Filter>
    </ClInclude>
    <ClInclude Include="..\..\src\BulletDynamics\Vehicle\btRaycastVehicle.h">
      <Filter>src\BulletDynamics\Vehicle</Filter>
    </ClInclude>
    <ClInclude Include="..\..\src\BulletDynamics\Vehicle\btVehicleRaycaster.h">
      <Filter>src\BulletDynamics\Vehicle</Filter>
    </ClInclude>
    <ClInclude Include="..\..\src\BulletDynamics\Vehicle\btWheelInfo.h">
      <Filter>src\BulletDynamics\Vehicle</Filter>
    </ClInclude>
    <ClInclude Include="..\..\src\BulletDynamics\Character\btCharacterControllerInterface.h">
      <Filter>src\BulletDynamics\Character</Filter>
    </ClInclude>
    <ClInclude Include="..\..\src\BulletDynamics\Character\btKinematicCharacterController.h">
      <Filter>src\BulletDynamics\Character</Filter>
    </ClInclude>
  </ItemGroup>
  <ItemGroup>
    <ClCompile Include="..\..\src\BulletDynamics\Dynamics\btDiscreteDynamicsWorld.cpp">
      <Filter>src\BulletDynamics\Dynamics</Filter>
    </ClCompile>
    <ClCompile Include="..\..\src\BulletDynamics\Dynamics\btRigidBody.cpp">
      <Filter>src\BulletDynamics\Dynamics</Filter>
    </ClCompile>
    <ClCompile Include="..\..\src\BulletDynamics\Dynamics\btSimpleDynamicsWorld.cpp">
      <Filter>src\BulletDynamics\Dynamics</Filter>
    </ClCompile>
    <ClCompile Include="..\..\src\BulletDynamics\ConstraintSolver\btConeTwistConstraint.cpp">
      <Filter>src\BulletDynamics\ConstraintSolver</Filter>
    </ClCompile>
    <ClCompile Include="..\..\src\BulletDynamics\ConstraintSolver\btContactConstraint.cpp">
      <Filter>src\BulletDynamics\ConstraintSolver</Filter>
    </ClCompile>
    <ClCompile Include="..\..\src\BulletDynamics\ConstraintSolver\btFixedConstraint.cpp">
      <Filter>src\BulletDynamics\ConstraintSolver</Filter>
    </ClCompile>
    <ClCompile Include="..\..\src\BulletDynamics\ConstraintSolver\btGearConstraint.cpp">
      <Filter>src\BulletDynamics\ConstraintSolver</Filter>
    </ClCompile>
    <ClCompile Include="..\..\src\BulletDynamics\ConstraintSolver\btGeneric6DofConstraint.cpp">
      <Filter>src\BulletDynamics\ConstraintSolver</Filter>
    </ClCompile>
    <ClCompile Include="..\..\src\BulletDynamics\ConstraintSolver\btGeneric6DofSpring2Constraint.cpp">
      <Filter>src\BulletDynamics\ConstraintSolver</Filter>
    </ClCompile>
    <ClCompile Include="..\..\src\BulletDynamics\ConstraintSolver\btGeneric6DofSpringConstraint.cpp">
      <Filter>src\BulletDynamics\ConstraintSolver</Filter>
    </ClCompile>
    <ClCompile Include="..\..\src\BulletDynamics\ConstraintSolver\btHinge2Constraint.cpp">
      <Filter>src\BulletDynamics\ConstraintSolver</Filter>
    </ClCompile>
    <ClCompile Include="..\..\src\BulletDynamics\ConstraintSolver\btHingeConstraint.cpp">
      <Filter>src\BulletDynamics\ConstraintSolver</Filter>
    </ClCompile>
    <ClCompile Include="..\..\src\BulletDynamics\ConstraintSolver\btNNCGConstraintSolver.cpp">
      <Filter>src\BulletDynamics\ConstraintSolver</Filter>
    </ClCompile>
    <ClCompile Include="..\..\src\BulletDynamics\ConstraintSolver\btPoint2PointConstraint.cpp">
      <Filter>src\BulletDynamics\ConstraintSolver</Filter>
    </ClCompile>
    <ClCompile Include="..\..\src\BulletDynamics\ConstraintSolver\btSequentialImpulseConstraintSolver.cpp">
      <Filter>src\BulletDynamics\ConstraintSolver</Filter>
    </ClCompile>
    <ClCompile Include="..\..\src\BulletDynamics\ConstraintSolver\btSliderConstraint.cpp">
      <Filter>src\BulletDynamics\ConstraintSolver</Filter>
    </ClCompile>
    <ClCompile Include="..\..\src\BulletDynamics\ConstraintSolver\btSolve2LinearConstraint.cpp">
      <Filter>src\BulletDynamics\ConstraintSolver</Filter>
    </ClCompile>
    <ClCompile Include="..\..\src\BulletDynamics\ConstraintSolver\btTypedConstraint.cpp">
      <Filter>src\BulletDynamics\ConstraintSolver</Filter>
    </ClCompile>
    <ClCompile Include="..\..\src\BulletDynamics\ConstraintSolver\btUniversalConstraint.cpp">
      <Filter>src\BulletDynamics\ConstraintSolver</Filter>
    </ClCompile>
    <ClCompile Include="..\..\src\BulletDynamics\Featherstone\btMultiBody.cpp">
      <Filter>src\BulletDynamics\Featherstone</Filter>
    </ClCompile>
    <ClCompile Include="..\..\src\BulletDynamics\Featherstone\btMultiBodyConstraint.cpp">
      <Filter>src\BulletDynamics\Featherstone</Filter>
    </ClCompile>
    <ClCompile Include="..\..\src\BulletDynamics\Featherstone\btMultiBodyConstraintSolver.cpp">
      <Filter>src\BulletDynamics\Featherstone</Filter>
    </ClCompile>
    <ClCompile Include="..\..\src\BulletDynamics\Featherstone\btMultiBodyDynamicsWorld.cpp">
      <Filter>src\BulletDynamics\Featherstone</Filter>
    </ClCompile>
    <ClCompile Include="..\..\src\BulletDynamics\Featherstone\btMultiBodyJointLimitConstraint.cpp">
      <Filter>src\BulletDynamics\Featherstone</Filter>
    </ClCompile>
    <ClCompile Include="..\..\src\BulletDynamics\Featherstone\btMultiBodyJointMotor.cpp">
      <Filter>src\BulletDynamics\Featherstone</Filter>
    </ClCompile>
    <ClCompile Include="..\..\src\BulletDynamics\Featherstone\btMultiBodyPoint2Point.cpp">
      <Filter>src\BulletDynamics\Featherstone</Filter>
    </ClCompile>
    <ClCompile Include="..\..\src\BulletDynamics\MLCPSolvers\btDantzigLCP.cpp">
      <Filter>src\BulletDynamics\MLCPSolvers</Filter>
    </ClCompile>
    <ClCompile Include="..\..\src\BulletDynamics\MLCPSolvers\btLemkeAlgorithm.cpp">
      <Filter>src\BulletDynamics\MLCPSolvers</Filter>
    </ClCompile>
    <ClCompile Include="..\..\src\BulletDynamics\MLCPSolvers\btMLCPSolver.cpp">
      <Filter>src\BulletDynamics\MLCPSolvers</Filter>
    </ClCompile>
    <ClCompile Include="..\..\src\BulletDynamics\Vehicle\btRaycastVehicle.cpp">
      <Filter>src\BulletDynamics\Vehicle</Filter>
    </ClCompile>
    <ClCompile Include="..\..\src\BulletDynamics\Vehicle\btWheelInfo.cpp">
      <Filter>src\BulletDynamics\Vehicle</Filter>
    </ClCompile>
    <ClCompile Include="..\..\src\BulletDynamics\Character\btKinematicCharacterController.cpp">
      <Filter>src\BulletDynamics\Character</Filter>
    </ClCompile>
  </ItemGroup>
</Project>
