<?xml version="1.0" encoding="utf-8"?>
<Project ToolsVersion="4.0" xmlns="http://schemas.microsoft.com/developer/msbuild/2003">
  <ItemGroup>
    <Filter Include="src">
      <UniqueIdentifier>{AB56CCF0-E856-4A4B-AD94-54EB63640DB6}</UniqueIdentifier>
    </Filter>
    <Filter Include="src\BulletInverseDynamics">
      <UniqueIdentifier>{D7EEBF0A-7A2C-F541-A055-523A908B59F8}</UniqueIdentifier>
    </Filter>
    <Filter Include="src\BulletInverseDynamics\details">
      <UniqueIdentifier>{15250718-24F9-B648-B83F-3CB08D259274}</UniqueIdentifier>
    </Filter>
  </ItemGroup>
  <ItemGroup>
    <ClCompile Include="..\..\src\BulletInverseDynamics\IDMath.cpp">
      <Filter>src\BulletInverseDynamics</Filter>
    </ClCompile>
    <ClCompile Include="..\..\src\BulletInverseDynamics\MultiBodyTree.cpp">
      <Filter>src\BulletInverseDynamics</Filter>
    </ClCompile>
    <ClCompile Include="..\..\src\BulletInverseDynamics\details\MultiBodyTreeInitCache.cpp">
      <Filter>src\BulletInverseDynamics\details</Filter>
    </ClCompile>
    <ClCompile Include="..\..\src\BulletInverseDynamics\details\MultiBodyTreeImpl.cpp">
      <Filter>src\BulletInverseDynamics\details</Filter>
    </ClCompile>
  </ItemGroup>
</Project>
