<?xml version="1.0" encoding="utf-8"?>
<Project ToolsVersion="4.0" xmlns="http://schemas.microsoft.com/developer/msbuild/2003">
  <ItemGroup>
    <Filter Include="src">
      <UniqueIdentifier>{5763E71D-D8D9-2C49-837B-2FF39140AC15}</UniqueIdentifier>
    </Filter>
    <Filter Include="src\clew">
      <UniqueIdentifier>{B8E692F2-2AFA-604C-8126-8E7AEA6D2016}</UniqueIdentifier>
    </Filter>
    <Filter Include="examples">
      <UniqueIdentifier>{CC2B2A92-7D9D-4B48-84DF-9FD1157BA755}</UniqueIdentifier>
    </Filter>
    <Filter Include="examples\ThirdPartyLibs">
      <UniqueIdentifier>{342B85BA-10D8-1D47-8D85-10672ADFD9A4}</UniqueIdentifier>
    </Filter>
    <Filter Include="examples\ThirdPartyLibs\minizip">
      <UniqueIdentifier>{84B9E83C-2EA8-774B-8C96-2B675B2FE8E5}</UniqueIdentifier>
    </Filter>
    <Filter Include="examples\ThirdPartyLibs\zlib">
      <UniqueIdentifier>{E496195D-871D-E146-8231-ECA4D6834D9E}</UniqueIdentifier>
    </Filter>
    <Filter Include="test">
      <UniqueIdentifier>{3D28E02E-112F-A54E-A54E-A6573E4C50EB}</UniqueIdentifier>
    </Filter>
    <Filter Include="test\TestBullet3OpenCL">
      <UniqueIdentifier>{0CB285BB-FAE1-E64B-8CA2-759B007480AA}</UniqueIdentifier>
    </Filter>
    <Filter Include="test\OpenCL">
      <UniqueIdentifier>{B58D11BE-4B2F-7746-B83E-E3A7CBB4FA88}</UniqueIdentifier>
    </Filter>
    <Filter Include="test\OpenCL\BasicInitialize">
      <UniqueIdentifier>{65D234B4-8BC1-5E4B-A08D-A43EBB61EA0F}</UniqueIdentifier>
    </Filter>
    <Filter Include="test\OpenCL\AllBullet3Kernels">
      <UniqueIdentifier>{47561CA3-EB0C-214D-9E54-71893F86FE56}</UniqueIdentifier>
    </Filter>
  </ItemGroup>
  <ItemGroup>
    <ClInclude Include="..\..\src\clew\clew.h">
      <Filter>src\clew</Filter>
    </ClInclude>
  </ItemGroup>
  <ItemGroup>
    <ClCompile Include="..\..\src\clew\clew.c">
      <Filter>src\clew</Filter>
    </ClCompile>
    <ClCompile Include="..\..\examples\ThirdPartyLibs\minizip\ioapi.c">
      <Filter>examples\ThirdPartyLibs\minizip</Filter>
    </ClCompile>
    <ClCompile Include="..\..\examples\ThirdPartyLibs\minizip\unzip.c">
      <Filter>examples\ThirdPartyLibs\minizip</Filter>
    </ClCompile>
    <ClCompile Include="..\..\examples\ThirdPartyLibs\minizip\zip.c">
      <Filter>examples\ThirdPartyLibs\minizip</Filter>
    </ClCompile>
    <ClCompile Include="..\..\examples\ThirdPartyLibs\zlib\adler32.c">
      <Filter>examples\ThirdPartyLibs\zlib</Filter>
    </ClCompile>
    <ClCompile Include="..\..\examples\ThirdPartyLibs\zlib\compress.c">
      <Filter>examples\ThirdPartyLibs\zlib</Filter>
    </ClCompile>
    <ClCompile Include="..\..\examples\ThirdPartyLibs\zlib\crc32.c">
      <Filter>examples\ThirdPartyLibs\zlib</Filter>
    </ClCompile>
    <ClCompile Include="..\..\examples\ThirdPartyLibs\zlib\deflate.c">
      <Filter>examples\ThirdPartyLibs\zlib</Filter>
    </ClCompile>
    <ClCompile Include="..\..\examples\ThirdPartyLibs\zlib\gzclose.c">
      <Filter>examples\ThirdPartyLibs\zlib</Filter>
    </ClCompile>
    <ClCompile Include="..\..\examples\ThirdPartyLibs\zlib\gzlib.c">
      <Filter>examples\ThirdPartyLibs\zlib</Filter>
    </ClCompile>
    <ClCompile Include="..\..\examples\ThirdPartyLibs\zlib\gzread.c">
      <Filter>examples\ThirdPartyLibs\zlib</Filter>
    </ClCompile>
    <ClCompile Include="..\..\examples\ThirdPartyLibs\zlib\gzwrite.c">
      <Filter>examples\ThirdPartyLibs\zlib</Filter>
    </ClCompile>
    <ClCompile Include="..\..\examples\ThirdPartyLibs\zlib\infback.c">
      <Filter>examples\ThirdPartyLibs\zlib</Filter>
    </ClCompile>
    <ClCompile Include="..\..\examples\ThirdPartyLibs\zlib\inffast.c">
      <Filter>examples\ThirdPartyLibs\zlib</Filter>
    </ClCompile>
    <ClCompile Include="..\..\examples\ThirdPartyLibs\zlib\inflate.c">
      <Filter>examples\ThirdPartyLibs\zlib</Filter>
    </ClCompile>
    <ClCompile Include="..\..\examples\ThirdPartyLibs\zlib\inftrees.c">
      <Filter>examples\ThirdPartyLibs\zlib</Filter>
    </ClCompile>
    <ClCompile Include="..\..\examples\ThirdPartyLibs\zlib\trees.c">
      <Filter>examples\ThirdPartyLibs\zlib</Filter>
    </ClCompile>
    <ClCompile Include="..\..\examples\ThirdPartyLibs\zlib\uncompr.c">
      <Filter>examples\ThirdPartyLibs\zlib</Filter>
    </ClCompile>
    <ClCompile Include="..\..\examples\ThirdPartyLibs\zlib\zutil.c">
      <Filter>examples\ThirdPartyLibs\zlib</Filter>
    </ClCompile>
    <ClCompile Include="..\..\test\TestBullet3OpenCL\main.cpp">
      <Filter>test\TestBullet3OpenCL</Filter>
    </ClCompile>
    <ClCompile Include="..\..\test\OpenCL\BasicInitialize\testInitOpenCL.cpp">
      <Filter>test\OpenCL\BasicInitialize</Filter>
    </ClCompile>
    <ClCompile Include="..\..\test\OpenCL\AllBullet3Kernels\testCompileBullet3BroadphaseKernels.cpp">
      <Filter>test\OpenCL\AllBullet3Kernels</Filter>
    </ClCompile>
    <ClCompile Include="..\..\test\OpenCL\AllBullet3Kernels\testCompileBullet3IntegrateUpdateAabbKernels.cpp">
      <Filter>test\OpenCL\AllBullet3Kernels</Filter>
    </ClCompile>
    <ClCompile Include="..\..\test\OpenCL\AllBullet3Kernels\testCompileBullet3JacobiContactSolverKernels.cpp">
      <Filter>test\OpenCL\AllBullet3Kernels</Filter>
    </ClCompile>
    <ClCompile Include="..\..\test\OpenCL\AllBullet3Kernels\testCompileBullet3NarrowphaseKernels.cpp">
      <Filter>test\OpenCL\AllBullet3Kernels</Filter>
    </ClCompile>
    <ClCompile Include="..\..\test\OpenCL\AllBullet3Kernels\testCompileBullet3PgsContactSolverKernels.cpp">
      <Filter>test\OpenCL\AllBullet3Kernels</Filter>
    </ClCompile>
    <ClCompile Include="..\..\test\OpenCL\AllBullet3Kernels\testCompileBullet3PgsJointSolverKernels.cpp">
      <Filter>test\OpenCL\AllBullet3Kernels</Filter>
    </ClCompile>
    <ClCompile Include="..\..\test\OpenCL\AllBullet3Kernels\testCompileBullet3RaycastKernels.cpp">
      <Filter>test\OpenCL\AllBullet3Kernels</Filter>
    </ClCompile>
    <ClCompile Include="..\..\test\OpenCL\AllBullet3Kernels\testExecuteBullet3NarrowphaseKernels.cpp">
      <Filter>test\OpenCL\AllBullet3Kernels</Filter>
    </ClCompile>
  </ItemGroup>
</Project>
