<?xml version="1.0" encoding="utf-8"?>
<Project ToolsVersion="4.0" xmlns="http://schemas.microsoft.com/developer/msbuild/2003">
  <ItemGroup>
    <Filter Include="test">
      <UniqueIdentifier>{1BC307D4-BBF6-AB4D-A670-2C4F850831B3}</UniqueIdentifier>
    </Filter>
    <Filter Include="test\collision">
      <UniqueIdentifier>{F2571250-8306-F54D-A83F-E907D8A925D3}</UniqueIdentifier>
    </Filter>
    <Filter Include="src">
      <UniqueIdentifier>{94EBB1F6-DC6B-884F-80E1-C9F188EF5682}</UniqueIdentifier>
    </Filter>
    <Filter Include="src\BulletCollision">
      <UniqueIdentifier>{FFE7854F-A580-9146-A176-AAD9DCF5159C}</UniqueIdentifier>
    </Filter>
    <Filter Include="src\BulletCollision\NarrowPhaseCollision">
      <UniqueIdentifier>{D3E32B45-03FA-4243-B931-BC8FE3AD3FEA}</UniqueIdentifier>
    </Filter>
    <Filter Include="src\BulletCollision\CollisionShapes">
      <UniqueIdentifier>{9EACE1DE-4B92-884C-B442-F83F8B8E90B3}</UniqueIdentifier>
    </Filter>
  </ItemGroup>
  <ItemGroup>
    <ClInclude Include="..\..\test\collision\btDistanceInfo.h">
      <Filter>test\collision</Filter>
    </ClInclude>
    <ClInclude Include="..\..\test\collision\SphereSphereCollision.h">
      <Filter>test\collision</Filter>
    </ClInclude>
    <ClInclude Include="..\..\src\BulletCollision\NarrowPhaseCollision\btVoronoiSimplexSolver.h">
      <Filter>src\BulletCollision\NarrowPhaseCollision</Filter>
    </ClInclude>
  </ItemGroup>
  <ItemGroup>
    <ClCompile Include="..\..\test\collision\main.cpp">
      <Filter>test\collision</Filter>
    </ClCompile>
    <ClCompile Include="..\..\src\BulletCollision\NarrowPhaseCollision\btVoronoiSimplexSolver.cpp">
      <Filter>src\BulletCollision\NarrowPhaseCollision</Filter>
    </ClCompile>
    <ClCompile Include="..\..\src\BulletCollision\CollisionShapes\btSphereShape.cpp">
      <Filter>src\BulletCollision\CollisionShapes</Filter>
    </ClCompile>
    <ClCompile Include="..\..\src\BulletCollision\CollisionShapes\btMultiSphereShape.cpp">
      <Filter>src\BulletCollision\CollisionShapes</Filter>
    </ClCompile>
    <ClCompile Include="..\..\src\BulletCollision\CollisionShapes\btPolyhedralConvexShape.cpp">
      <Filter>src\BulletCollision\CollisionShapes</Filter>
    </ClCompile>
    <ClCompile Include="..\..\src\BulletCollision\CollisionShapes\btConvexShape.cpp">
      <Filter>src\BulletCollision\CollisionShapes</Filter>
    </ClCompile>
    <ClCompile Include="..\..\src\BulletCollision\CollisionShapes\btConvexInternalShape.cpp">
      <Filter>src\BulletCollision\CollisionShapes</Filter>
    </ClCompile>
    <ClCompile Include="..\..\src\BulletCollision\CollisionShapes\btCollisionShape.cpp">
      <Filter>src\BulletCollision\CollisionShapes</Filter>
    </ClCompile>
    <ClCompile Include="..\..\src\BulletCollision\CollisionShapes\btConvexPolyhedron.cpp">
      <Filter>src\BulletCollision\CollisionShapes</Filter>
    </ClCompile>
  </ItemGroup>
</Project>
