<?xml version="1.0" encoding="utf-8"?>
<Project ToolsVersion="4.0" xmlns="http://schemas.microsoft.com/developer/msbuild/2003">
  <ItemGroup>
    <Filter Include="test">
      <UniqueIdentifier>{CF9CA5B8-F555-9E40-83F2-20FADE7CD048}</UniqueIdentifier>
    </Filter>
    <Filter Include="test\InverseDynamics">
      <UniqueIdentifier>{0013F8DF-80A6-F940-B11A-16F5BA392BE9}</UniqueIdentifier>
    </Filter>
    <Filter Include="examples">
      <UniqueIdentifier>{8D0C489D-C3B2-3E41-8513-083B8BCC3D9E}</UniqueIdentifier>
    </Filter>
    <Filter Include="examples\Utils">
      <UniqueIdentifier>{C6C6ADF3-6EC8-9E48-A23C-F7D3DA0BE36F}</UniqueIdentifier>
    </Filter>
    <Filter Include="examples\Importers">
      <UniqueIdentifier>{9A952677-4E10-3641-8F94-6E9DF493FE2A}</UniqueIdentifier>
    </Filter>
    <Filter Include="examples\Importers\ImportURDFDemo">
      <UniqueIdentifier>{5DB21B2C-871A-5541-A26D-1C65B9B37D4D}</UniqueIdentifier>
    </Filter>
    <Filter Include="Extras">
      <UniqueIdentifier>{2A9FB521-643F-834A-BF99-7E66F7E0DB02}</UniqueIdentifier>
    </Filter>
    <Filter Include="Extras\Serialize">
      <UniqueIdentifier>{0F439738-E5B9-2843-8387-F2E1041887B0}</UniqueIdentifier>
    </Filter>
    <Filter Include="Extras\Serialize\BulletWorldImporter">
      <UniqueIdentifier>{F30C7988-3CEC-434F-B0DB-B537A22E024E}</UniqueIdentifier>
    </Filter>
    <Filter Include="Extras\Serialize\BulletFileLoader">
      <UniqueIdentifier>{FBB01FEF-343D-1E4A-AC5B-33EC332A112D}</UniqueIdentifier>
    </Filter>
    <Filter Include="examples\Importers\ImportObjDemo">
      <UniqueIdentifier>{42B6BE59-C29D-E34C-BA7A-803FE60687CA}</UniqueIdentifier>
    </Filter>
    <Filter Include="examples\Importers\ImportSTLDemo">
      <UniqueIdentifier>{0883DFC8-3C1B-614B-BB86-37C2ECE82E15}</UniqueIdentifier>
    </Filter>
    <Filter Include="examples\Importers\ImportColladaDemo">
      <UniqueIdentifier>{E858C053-EAAD-CD49-8FC0-4D8D4D013673}</UniqueIdentifier>
    </Filter>
    <Filter Include="examples\ThirdPartyLibs">
      <UniqueIdentifier>{6A16AF36-D537-2C4E-920C-6D4AC7524110}</UniqueIdentifier>
    </Filter>
    <Filter Include="examples\ThirdPartyLibs\Wavefront">
      <UniqueIdentifier>{BAEEAB10-28D0-1D48-BB8E-398B90F9F6C3}</UniqueIdentifier>
    </Filter>
    <Filter Include="examples\ThirdPartyLibs\tinyxml">
      <UniqueIdentifier>{E1A5EA78-EBC2-8A48-8FFA-B93DE90DA53D}</UniqueIdentifier>
    </Filter>
    <Filter Include="examples\ThirdPartyLibs\urdf">
      <UniqueIdentifier>{EC23F641-C38D-2D48-96A1-76D4AE279C24}</UniqueIdentifier>
    </Filter>
    <Filter Include="examples\ThirdPartyLibs\urdf\boost_replacement">
      <UniqueIdentifier>{F4643652-0FFE-734D-99DE-7295F6BC5AD2}</UniqueIdentifier>
    </Filter>
  </ItemGroup>
  <ItemGroup>
    <None Include="..\..\Extras\Serialize\BulletWorldImporter\CMakeLists.txt">
      <Filter>Extras\Serialize\BulletWorldImporter</Filter>
    </None>
    <None Include="..\..\Extras\Serialize\BulletWorldImporter\premake4.lua">
      <Filter>Extras\Serialize\BulletWorldImporter</Filter>
    </None>
    <None Include="..\..\Extras\Serialize\BulletFileLoader\CMakeLists.txt">
      <Filter>Extras\Serialize\BulletFileLoader</Filter>
    </None>
    <None Include="..\..\Extras\Serialize\BulletFileLoader\premake4.lua">
      <Filter>Extras\Serialize\BulletFileLoader</Filter>
    </None>
  </ItemGroup>
  <ItemGroup>
    <ClInclude Include="..\..\examples\Importers\ImportURDFDemo\ConvertRigidBodies2MultiBody.h">
      <Filter>examples\Importers\ImportURDFDemo</Filter>
    </ClInclude>
    <ClInclude Include="..\..\examples\Importers\ImportURDFDemo\MultiBodyCreationInterface.h">
      <Filter>examples\Importers\ImportURDFDemo</Filter>
    </ClInclude>
    <ClInclude Include="..\..\examples\Importers\ImportURDFDemo\MyMultiBodyCreator.h">
      <Filter>examples\Importers\ImportURDFDemo</Filter>
    </ClInclude>
    <ClInclude Include="..\..\examples\Importers\ImportURDFDemo\BulletUrdfImporter.h">
      <Filter>examples\Importers\ImportURDFDemo</Filter>
    </ClInclude>
    <ClInclude Include="..\..\examples\Importers\ImportURDFDemo\UrdfParser.h">
      <Filter>examples\Importers\ImportURDFDemo</Filter>
    </ClInclude>
    <ClInclude Include="..\..\examples\Importers\ImportURDFDemo\URDF2Bullet.h">
      <Filter>examples\Importers\ImportURDFDemo</Filter>
    </ClInclude>
    <ClInclude Include="..\..\Extras\Serialize\BulletWorldImporter\btBulletWorldImporter.h">
      <Filter>Extras\Serialize\BulletWorldImporter</Filter>
    </ClInclude>
    <ClInclude Include="..\..\Extras\Serialize\BulletWorldImporter\btWorldImporter.h">
      <Filter>Extras\Serialize\BulletWorldImporter</Filter>
    </ClInclude>
    <ClInclude Include="..\..\Extras\Serialize\BulletFileLoader\bChunk.h">
      <Filter>Extras\Serialize\BulletFileLoader</Filter>
    </ClInclude>
    <ClInclude Include="..\..\Extras\Serialize\BulletFileLoader\bCommon.h">
      <Filter>Extras\Serialize\BulletFileLoader</Filter>
    </ClInclude>
    <ClInclude Include="..\..\Extras\Serialize\BulletFileLoader\bDefines.h">
      <Filter>Extras\Serialize\BulletFileLoader</Filter>
    </ClInclude>
    <ClInclude Include="..\..\Extras\Serialize\BulletFileLoader\bDNA.h">
      <Filter>Extras\Serialize\BulletFileLoader</Filter>
    </ClInclude>
    <ClInclude Include="..\..\Extras\Serialize\BulletFileLoader\bFile.h">
      <Filter>Extras\Serialize\BulletFileLoader</Filter>
    </ClInclude>
    <ClInclude Include="..\..\Extras\Serialize\BulletFileLoader\btBulletFile.h">
      <Filter>Extras\Serialize\BulletFileLoader</Filter>
    </ClInclude>
    <ClInclude Include="..\..\examples\Importers\ImportURDFDemo\URDFImporterInterface.h">
      <Filter>examples\Importers\ImportURDFDemo</Filter>
    </ClInclude>
    <ClInclude Include="..\..\examples\Importers\ImportURDFDemo\URDFJointTypes.h">
      <Filter>examples\Importers\ImportURDFDemo</Filter>
    </ClInclude>
    <ClInclude Include="..\..\examples\Importers\ImportSTLDemo\ImportSTLSetup.h">
      <Filter>examples\Importers\ImportSTLDemo</Filter>
    </ClInclude>
    <ClInclude Include="..\..\examples\Importers\ImportSTLDemo\LoadMeshFromSTL.h">
      <Filter>examples\Importers\ImportSTLDemo</Filter>
    </ClInclude>
    <ClInclude Include="..\..\examples\Importers\ImportColladaDemo\ColladaGraphicsInstance.h">
      <Filter>examples\Importers\ImportColladaDemo</Filter>
    </ClInclude>
    <ClInclude Include="..\..\examples\ThirdPartyLibs\urdf\boost_replacement\lexical_cast.h">
      <Filter>examples\ThirdPartyLibs\urdf\boost_replacement</Filter>
    </ClInclude>
  </ItemGroup>
  <ItemGroup>
    <ClCompile Include="..\..\test\InverseDynamics\test_invdyn_bullet.cpp">
      <Filter>test\InverseDynamics</Filter>
    </ClCompile>
    <ClCompile Include="..\..\examples\Utils\b3ResourcePath.cpp">
      <Filter>examples\Utils</Filter>
    </ClCompile>
    <ClCompile Include="..\..\examples\Importers\ImportURDFDemo\MyMultiBodyCreator.cpp">
      <Filter>examples\Importers\ImportURDFDemo</Filter>
    </ClCompile>
    <ClCompile Include="..\..\examples\Importers\ImportURDFDemo\BulletUrdfImporter.cpp">
      <Filter>examples\Importers\ImportURDFDemo</Filter>
    </ClCompile>
    <ClCompile Include="..\..\examples\Importers\ImportURDFDemo\UrdfParser.cpp">
      <Filter>examples\Importers\ImportURDFDemo</Filter>
    </ClCompile>
    <ClCompile Include="..\..\examples\Importers\ImportURDFDemo\urdfStringSplit.cpp">
      <Filter>examples\Importers\ImportURDFDemo</Filter>
    </ClCompile>
    <ClCompile Include="..\..\examples\Importers\ImportURDFDemo\URDF2Bullet.cpp">
      <Filter>examples\Importers\ImportURDFDemo</Filter>
    </ClCompile>
    <ClCompile Include="..\..\examples\Utils\b3Clock.cpp">
      <Filter>examples\Utils</Filter>
    </ClCompile>
    <ClCompile Include="..\..\Extras\Serialize\BulletWorldImporter\btBulletWorldImporter.cpp">
      <Filter>Extras\Serialize\BulletWorldImporter</Filter>
    </ClCompile>
    <ClCompile Include="..\..\Extras\Serialize\BulletWorldImporter\btWorldImporter.cpp">
      <Filter>Extras\Serialize\BulletWorldImporter</Filter>
    </ClCompile>
    <ClCompile Include="..\..\Extras\Serialize\BulletFileLoader\bChunk.cpp">
      <Filter>Extras\Serialize\BulletFileLoader</Filter>
    </ClCompile>
    <ClCompile Include="..\..\Extras\Serialize\BulletFileLoader\bDNA.cpp">
      <Filter>Extras\Serialize\BulletFileLoader</Filter>
    </ClCompile>
    <ClCompile Include="..\..\Extras\Serialize\BulletFileLoader\bFile.cpp">
      <Filter>Extras\Serialize\BulletFileLoader</Filter>
    </ClCompile>
    <ClCompile Include="..\..\Extras\Serialize\BulletFileLoader\btBulletFile.cpp">
      <Filter>Extras\Serialize\BulletFileLoader</Filter>
    </ClCompile>
    <ClCompile Include="..\..\examples\Importers\ImportObjDemo\Wavefront2GLInstanceGraphicsShape.cpp">
      <Filter>examples\Importers\ImportObjDemo</Filter>
    </ClCompile>
    <ClCompile Include="..\..\examples\Importers\ImportObjDemo\LoadMeshFromObj.cpp">
      <Filter>examples\Importers\ImportObjDemo</Filter>
    </ClCompile>
    <ClCompile Include="..\..\examples\Importers\ImportColladaDemo\LoadMeshFromCollada.cpp">
      <Filter>examples\Importers\ImportColladaDemo</Filter>
    </ClCompile>
    <ClCompile Include="..\..\examples\ThirdPartyLibs\Wavefront\tiny_obj_loader.cpp">
      <Filter>examples\ThirdPartyLibs\Wavefront</Filter>
    </ClCompile>
    <ClCompile Include="..\..\examples\ThirdPartyLibs\tinyxml\tinystr.cpp">
      <Filter>examples\ThirdPartyLibs\tinyxml</Filter>
    </ClCompile>
    <ClCompile Include="..\..\examples\ThirdPartyLibs\tinyxml\tinyxml.cpp">
      <Filter>examples\ThirdPartyLibs\tinyxml</Filter>
    </ClCompile>
    <ClCompile Include="..\..\examples\ThirdPartyLibs\tinyxml\tinyxmlerror.cpp">
      <Filter>examples\ThirdPartyLibs\tinyxml</Filter>
    </ClCompile>
    <ClCompile Include="..\..\examples\ThirdPartyLibs\tinyxml\tinyxmlparser.cpp">
      <Filter>examples\ThirdPartyLibs\tinyxml</Filter>
    </ClCompile>
  </ItemGroup>
</Project>
